{
  "originHash" : "057b4ff7c45914734470a270564a6760bf7360f0e00d5edda5d71425608e7c58",
  "pins" : [
    {
      "identity" : "joseswift",
      "kind" : "remoteSourceControl",
      "location" : "https://github.com/airsidemobile/JOSESwift.git",
      "state" : {
        "revision" : "c2664a902e75c0426a1d43132bd4babc6fd173d3",
        "version" : "3.0.0"
      }
    }
  ],
  "version" : 3
}
