// !$*UTF8*$!
{
	archiveVersion = 1;
	classes = {};
	objectVersion = 56;
	objects = {
		8E0205CD89BF271E3726B26F = { "isa" = "PBXFileReference"; "lastKnownFileType" = "text.xcconfig"; "path" = "Config/Base.xcconfig"; "sourceTree" = "SOURCE_ROOT"; };
		BC4A71180870F7945155FBB0 = { "isa" = "XCLocalSwiftPackageReference"; "relativePath" = "Packages/WeftMateCore"; };
		BA442FB4F23467D83E780758 = { "isa" = "PBXFileReference"; "explicitFileType" = "wrapper.application"; "includeInIndex" = 0; "path" = "WeftMateWatch.app"; "sourceTree" = "BUILT_PRODUCTS_DIR"; };
		A0F3B6E4ADA8FCFD3A78ED22 = { "isa" = "PBXFileReference"; "lastKnownFileType" = "sourcecode.swift"; "path" = "watchOS/WatchHomeView.swift"; "sourceTree" = "SOURCE_ROOT"; };
		CF72721FFA9B34102FDCE3C2 = { "isa" = "PBXBuildFile"; "fileRef" = A0F3B6E4ADA8FCFD3A78ED22; };
		FB598E27661C239DDEF5CF2A = { "isa" = "PBXFileReference"; "lastKnownFileType" = "sourcecode.swift"; "path" = "watchOS/WeftMateWatchApp.swift"; "sourceTree" = "SOURCE_ROOT"; };
		7709B192BC78A7F969DEACE5 = { "isa" = "PBXBuildFile"; "fileRef" = FB598E27661C239DDEF5CF2A; };
		9287FDA4FDFDDD3FBF57B96C = { "isa" = "PBXSourcesBuildPhase"; "buildActionMask" = 2147483647; "files" = (CF72721FFA9B34102FDCE3C2, 7709B192BC78A7F969DEACE5,); "runOnlyForDeploymentPostprocessing" = 0; };
		25FBE847793B55F71708FF84 = { "isa" = "XCSwiftPackageProductDependency"; "package" = BC4A71180870F7945155FBB0; "productName" = "WeftMateCore"; };
		B6B335EF0CAE0ED983CEA9CF = { "isa" = "PBXBuildFile"; "productRef" = 25FBE847793B55F71708FF84; };
		4E9A1F184C762DA2EC295A3A = { "isa" = "PBXFrameworksBuildPhase"; "buildActionMask" = 2147483647; "files" = (B6B335EF0CAE0ED983CEA9CF,); "runOnlyForDeploymentPostprocessing" = 0; };
		7B1B2C05F65D963B0F368ADA = { "isa" = "PBXResourcesBuildPhase"; "buildActionMask" = 2147483647; "files" = (); "runOnlyForDeploymentPostprocessing" = 0; };
		8584EF1C87D558D51DA01731 = { "isa" = "XCBuildConfiguration"; "buildSettings" = { "PRODUCT_NAME" = "$(TARGET_NAME)"; "PRODUCT_BUNDLE_IDENTIFIER" = "com.weftmate.apple.weftmatephone.watch"; "SDKROOT" = "watchos"; "WATCHOS_DEPLOYMENT_TARGET" = "10.0"; "SUPPORTED_PLATFORMS" = "watchos watchsimulator"; "TARGETED_DEVICE_FAMILY" = "4"; "SKIP_INSTALL" = "YES"; "INFOPLIST_KEY_WKApplication" = "YES"; "INFOPLIST_KEY_WKCompanionAppBundleIdentifier" = "com.weftmate.apple.weftmatephone"; "INFOPLIST_KEY_WKRunsIndependentlyOfCompanionApp" = "NO"; "SWIFT_OPTIMIZATION_LEVEL" = "-Onone"; "DEBUG_INFORMATION_FORMAT" = "dwarf"; "SWIFT_ACTIVE_COMPILATION_CONDITIONS" = "$(inherited) DEBUG"; "ENABLE_TESTABILITY" = "YES"; "ONLY_ACTIVE_ARCH" = "YES"; }; "name" = "Debug"; "baseConfigurationReference" = 8E0205CD89BF271E3726B26F; };
		E472D4DF23C4C5AA260F87CA = { "isa" = "XCBuildConfiguration"; "buildSettings" = { "PRODUCT_NAME" = "$(TARGET_NAME)"; "PRODUCT_BUNDLE_IDENTIFIER" = "com.weftmate.apple.weftmatephone.watch"; "SDKROOT" = "watchos"; "WATCHOS_DEPLOYMENT_TARGET" = "10.0"; "SUPPORTED_PLATFORMS" = "watchos watchsimulator"; "TARGETED_DEVICE_FAMILY" = "4"; "SKIP_INSTALL" = "YES"; "INFOPLIST_KEY_WKApplication" = "YES"; "INFOPLIST_KEY_WKCompanionAppBundleIdentifier" = "com.weftmate.apple.weftmatephone"; "INFOPLIST_KEY_WKRunsIndependentlyOfCompanionApp" = "NO"; "SWIFT_OPTIMIZATION_LEVEL" = "-O"; "DEBUG_INFORMATION_FORMAT" = "dwarf-with-dsym"; "ONLY_ACTIVE_ARCH" = "NO"; }; "name" = "Release"; "baseConfigurationReference" = 8E0205CD89BF271E3726B26F; };
		5BEB138F6611A65DFB15F231 = { "isa" = "XCConfigurationList"; "buildConfigurations" = (8584EF1C87D558D51DA01731, E472D4DF23C4C5AA260F87CA,); "defaultConfigurationIsVisible" = 0; "defaultConfigurationName" = "Release"; };
		585DAF2CC644D67CD78B5981 = { "isa" = "PBXNativeTarget"; "buildConfigurationList" = 5BEB138F6611A65DFB15F231; "buildPhases" = (9287FDA4FDFDDD3FBF57B96C, 4E9A1F184C762DA2EC295A3A, 7B1B2C05F65D963B0F368ADA,); "buildRules" = (); "dependencies" = (); "name" = "WeftMateWatch"; "packageProductDependencies" = (25FBE847793B55F71708FF84,); "productName" = "WeftMateWatch"; "productReference" = BA442FB4F23467D83E780758; "productType" = "com.apple.product-type.application"; };
		260C25BAA3572A541A2E7DBE = { "isa" = "PBXFileReference"; "explicitFileType" = "wrapper.application"; "includeInIndex" = 0; "path" = "WeftMateMac.app"; "sourceTree" = "BUILT_PRODUCTS_DIR"; };
		99A408A95DB73077B535E783 = { "isa" = "PBXFileReference"; "lastKnownFileType" = "sourcecode.swift"; "path" = "UI/AppleAppModel.swift"; "sourceTree" = "SOURCE_ROOT"; };
		1CA6F7E3B772A3457B7332C9 = { "isa" = "PBXBuildFile"; "fileRef" = 99A408A95DB73077B535E783; };
		6B16D6BF5A2A2179ECD4B70B = { "isa" = "PBXFileReference"; "lastKnownFileType" = "sourcecode.swift"; "path" = "UI/AuthView.swift"; "sourceTree" = "SOURCE_ROOT"; };
		9EDDE792799E29BDB43BDCAF = { "isa" = "PBXBuildFile"; "fileRef" = 6B16D6BF5A2A2179ECD4B70B; };
		DF60106D185FC537FB87DCBD = { "isa" = "PBXFileReference"; "lastKnownFileType" = "sourcecode.swift"; "path" = "UI/ConversationView.swift"; "sourceTree" = "SOURCE_ROOT"; };
		68C52A8DC53B1AA6B640029D = { "isa" = "PBXBuildFile"; "fileRef" = DF60106D185FC537FB87DCBD; };
		CB59990A1F4600A41F0D8D6E = { "isa" = "PBXFileReference"; "lastKnownFileType" = "sourcecode.swift"; "path" = "UI/DevicesView.swift"; "sourceTree" = "SOURCE_ROOT"; };
		968EC5AAD67FD167D1462079 = { "isa" = "PBXBuildFile"; "fileRef" = CB59990A1F4600A41F0D8D6E; };
		FD9EF512637853F229843C58 = { "isa" = "PBXFileReference"; "lastKnownFileType" = "sourcecode.swift"; "path" = "UI/SettingsView.swift"; "sourceTree" = "SOURCE_ROOT"; };
		AE6E11B8FDD14D1151FCCFD9 = { "isa" = "PBXBuildFile"; "fileRef" = FD9EF512637853F229843C58; };
		FC159B357D695E9AB571FEBA = { "isa" = "PBXFileReference"; "lastKnownFileType" = "sourcecode.swift"; "path" = "UI/WeaveTheme.swift"; "sourceTree" = "SOURCE_ROOT"; };
		EEED7991F49C6A36A5A4DABC = { "isa" = "PBXBuildFile"; "fileRef" = FC159B357D695E9AB571FEBA; };
		027EF7DDFFFD11C0FB4EDA62 = { "isa" = "PBXFileReference"; "lastKnownFileType" = "sourcecode.swift"; "path" = "UI/WeftMateRootView.swift"; "sourceTree" = "SOURCE_ROOT"; };
		B0B0BFDE56480A936BA1CF31 = { "isa" = "PBXBuildFile"; "fileRef" = 027EF7DDFFFD11C0FB4EDA62; };
		56AD09BDAC80090BAFA6DCD1 = { "isa" = "PBXFileReference"; "lastKnownFileType" = "sourcecode.swift"; "path" = "macOS/WeftMateMacApp.swift"; "sourceTree" = "SOURCE_ROOT"; };
		A2065E8248C428ADB4B9E15B = { "isa" = "PBXBuildFile"; "fileRef" = 56AD09BDAC80090BAFA6DCD1; };
		806713CD0E235C248B959DE1 = { "isa" = "PBXSourcesBuildPhase"; "buildActionMask" = 2147483647; "files" = (1CA6F7E3B772A3457B7332C9, 9EDDE792799E29BDB43BDCAF, 68C52A8DC53B1AA6B640029D, 968EC5AAD67FD167D1462079, AE6E11B8FDD14D1151FCCFD9, EEED7991F49C6A36A5A4DABC, B0B0BFDE56480A936BA1CF31, A2065E8248C428ADB4B9E15B,); "runOnlyForDeploymentPostprocessing" = 0; };
		62D41EF99D9E7E85D43BD0EE = { "isa" = "XCSwiftPackageProductDependency"; "package" = BC4A71180870F7945155FBB0; "productName" = "WeftMateCore"; };
		F7FB9C7D9AFE71142B1DE93B = { "isa" = "PBXBuildFile"; "productRef" = 62D41EF99D9E7E85D43BD0EE; };
		B68D278508289471EBAB6750 = { "isa" = "PBXFrameworksBuildPhase"; "buildActionMask" = 2147483647; "files" = (F7FB9C7D9AFE71142B1DE93B,); "runOnlyForDeploymentPostprocessing" = 0; };
		ED7CB4B364DD6A30EE739AA7 = { "isa" = "PBXResourcesBuildPhase"; "buildActionMask" = 2147483647; "files" = (); "runOnlyForDeploymentPostprocessing" = 0; };
		B29716B5547863916951E080 = { "isa" = "XCBuildConfiguration"; "buildSettings" = { "PRODUCT_NAME" = "$(TARGET_NAME)"; "PRODUCT_BUNDLE_IDENTIFIER" = "com.weftmate.apple.weftmatemac"; "SDKROOT" = "macosx"; "MACOSX_DEPLOYMENT_TARGET" = "14.0"; "SUPPORTED_PLATFORMS" = "macosx"; "COMBINE_HIDPI_IMAGES" = "YES"; "CODE_SIGN_ENTITLEMENTS" = "Config/WeftMateMac.entitlements"; "INFOPLIST_KEY_NSLocalNetworkUsageDescription" = "WeftMate 连接你选择的个人服务器，以便同步账户和会话。"; "SWIFT_OPTIMIZATION_LEVEL" = "-Onone"; "DEBUG_INFORMATION_FORMAT" = "dwarf"; "SWIFT_ACTIVE_COMPILATION_CONDITIONS" = "$(inherited) DEBUG"; "ENABLE_TESTABILITY" = "YES"; "ONLY_ACTIVE_ARCH" = "YES"; }; "name" = "Debug"; "baseConfigurationReference" = 8E0205CD89BF271E3726B26F; };
		BEF21CBF5CDCBCD8ABF88D11 = { "isa" = "XCBuildConfiguration"; "buildSettings" = { "PRODUCT_NAME" = "$(TARGET_NAME)"; "PRODUCT_BUNDLE_IDENTIFIER" = "com.weftmate.apple.weftmatemac"; "SDKROOT" = "macosx"; "MACOSX_DEPLOYMENT_TARGET" = "14.0"; "SUPPORTED_PLATFORMS" = "macosx"; "COMBINE_HIDPI_IMAGES" = "YES"; "CODE_SIGN_ENTITLEMENTS" = "Config/WeftMateMac.entitlements"; "INFOPLIST_KEY_NSLocalNetworkUsageDescription" = "WeftMate 连接你选择的个人服务器，以便同步账户和会话。"; "SWIFT_OPTIMIZATION_LEVEL" = "-O"; "DEBUG_INFORMATION_FORMAT" = "dwarf-with-dsym"; "ONLY_ACTIVE_ARCH" = "NO"; }; "name" = "Release"; "baseConfigurationReference" = 8E0205CD89BF271E3726B26F; };
		A9F1ABC71E98B80DF1797CB0 = { "isa" = "XCConfigurationList"; "buildConfigurations" = (B29716B5547863916951E080, BEF21CBF5CDCBCD8ABF88D11,); "defaultConfigurationIsVisible" = 0; "defaultConfigurationName" = "Release"; };
		D1478B2C381431E2E99AD726 = { "isa" = "PBXNativeTarget"; "buildConfigurationList" = A9F1ABC71E98B80DF1797CB0; "buildPhases" = (806713CD0E235C248B959DE1, B68D278508289471EBAB6750, ED7CB4B364DD6A30EE739AA7,); "buildRules" = (); "dependencies" = (); "name" = "WeftMateMac"; "packageProductDependencies" = (62D41EF99D9E7E85D43BD0EE,); "productName" = "WeftMateMac"; "productReference" = 260C25BAA3572A541A2E7DBE; "productType" = "com.apple.product-type.application"; };
		4C15DC545FBC09E76709955A = { "isa" = "PBXFileReference"; "explicitFileType" = "wrapper.application"; "includeInIndex" = 0; "path" = "WeftMatePhone.app"; "sourceTree" = "BUILT_PRODUCTS_DIR"; };
		FACD9007F41EA731E65112A8 = { "isa" = "PBXBuildFile"; "fileRef" = 99A408A95DB73077B535E783; };
		E504A82ACD91A135FE61CFD6 = { "isa" = "PBXBuildFile"; "fileRef" = 6B16D6BF5A2A2179ECD4B70B; };
		99DD7DDD68680E009C0B9D87 = { "isa" = "PBXBuildFile"; "fileRef" = DF60106D185FC537FB87DCBD; };
		DB3B70FAFF3165A5D4FDC9FC = { "isa" = "PBXBuildFile"; "fileRef" = CB59990A1F4600A41F0D8D6E; };
		ECC3B035113D42619A32C6A4 = { "isa" = "PBXBuildFile"; "fileRef" = FD9EF512637853F229843C58; };
		9F2B1C608605F7E30ACF7FD3 = { "isa" = "PBXBuildFile"; "fileRef" = FC159B357D695E9AB571FEBA; };
		7978941B5CA30BD4E1E73ABB = { "isa" = "PBXBuildFile"; "fileRef" = 027EF7DDFFFD11C0FB4EDA62; };
		BC672C9EA460BF6FA71AE5D9 = { "isa" = "PBXFileReference"; "lastKnownFileType" = "sourcecode.swift"; "path" = "iOS/WeftMatePhoneApp.swift"; "sourceTree" = "SOURCE_ROOT"; };
		1ADF9968F7BDF363BB31E531 = { "isa" = "PBXBuildFile"; "fileRef" = BC672C9EA460BF6FA71AE5D9; };
		934142F40B2A3A2EB9BF6954 = { "isa" = "PBXSourcesBuildPhase"; "buildActionMask" = 2147483647; "files" = (FACD9007F41EA731E65112A8, E504A82ACD91A135FE61CFD6, 99DD7DDD68680E009C0B9D87, DB3B70FAFF3165A5D4FDC9FC, ECC3B035113D42619A32C6A4, 9F2B1C608605F7E30ACF7FD3, 7978941B5CA30BD4E1E73ABB, 1ADF9968F7BDF363BB31E531,); "runOnlyForDeploymentPostprocessing" = 0; };
		A5D49BC174232DB80C891B33 = { "isa" = "XCSwiftPackageProductDependency"; "package" = BC4A71180870F7945155FBB0; "productName" = "WeftMateCore"; };
		C581E4094EE6B324A1AD8A66 = { "isa" = "PBXBuildFile"; "productRef" = A5D49BC174232DB80C891B33; };
		5C4025F29291C5C1A32EC5DC = { "isa" = "PBXFrameworksBuildPhase"; "buildActionMask" = 2147483647; "files" = (C581E4094EE6B324A1AD8A66,); "runOnlyForDeploymentPostprocessing" = 0; };
		85D63868D1B27B3028F817A6 = { "isa" = "PBXResourcesBuildPhase"; "buildActionMask" = 2147483647; "files" = (); "runOnlyForDeploymentPostprocessing" = 0; };
		BCFBDC00F53C847BE5EE09FE = { "isa" = "PBXBuildFile"; "fileRef" = BA442FB4F23467D83E780758; "settings" = { "ATTRIBUTES" = ("RemoveHeadersOnCopy",); }; };
		C7C67A095FF2AE4B7E9699A1 = { "isa" = "PBXCopyFilesBuildPhase"; "buildActionMask" = 2147483647; "dstPath" = "$(CONTENTS_FOLDER_PATH)/Watch"; "dstSubfolderSpec" = 16; "files" = (BCFBDC00F53C847BE5EE09FE,); "name" = "Embed Watch Content"; "runOnlyForDeploymentPostprocessing" = 0; };
		F1A37A301C3DCB06553FEB53 = { "isa" = "PBXContainerItemProxy"; "containerPortal" = 244210E48437B6556980A702; "proxyType" = 1; "remoteGlobalIDString" = 585DAF2CC644D67CD78B5981; "remoteInfo" = "WeftMateWatch"; };
		0878DD2F65A4C7D5F896B798 = { "isa" = "PBXTargetDependency"; "target" = 585DAF2CC644D67CD78B5981; "targetProxy" = F1A37A301C3DCB06553FEB53; };
		99FDFC814BD7A1A169CDA776 = { "isa" = "XCBuildConfiguration"; "buildSettings" = { "PRODUCT_NAME" = "$(TARGET_NAME)"; "PRODUCT_BUNDLE_IDENTIFIER" = "com.weftmate.apple.weftmatephone"; "SDKROOT" = "iphoneos"; "IPHONEOS_DEPLOYMENT_TARGET" = "17.0"; "SUPPORTED_PLATFORMS" = "iphoneos iphonesimulator"; "TARGETED_DEVICE_FAMILY" = "1,2"; "SUPPORTS_MACCATALYST" = "NO"; "INFOPLIST_KEY_UILaunchScreen_Generation" = "YES"; "INFOPLIST_KEY_UIApplicationSceneManifest_Generation" = "YES"; "INFOPLIST_KEY_UIApplicationSupportsIndirectInputEvents" = "YES"; "INFOPLIST_KEY_NSLocalNetworkUsageDescription" = "WeftMate 连接你选择的个人服务器，以便同步账户和会话。"; "SWIFT_OPTIMIZATION_LEVEL" = "-Onone"; "DEBUG_INFORMATION_FORMAT" = "dwarf"; "SWIFT_ACTIVE_COMPILATION_CONDITIONS" = "$(inherited) DEBUG"; "ENABLE_TESTABILITY" = "YES"; "ONLY_ACTIVE_ARCH" = "YES"; }; "name" = "Debug"; "baseConfigurationReference" = 8E0205CD89BF271E3726B26F; };
		789CB2BE9E281CDF7197F871 = { "isa" = "XCBuildConfiguration"; "buildSettings" = { "PRODUCT_NAME" = "$(TARGET_NAME)"; "PRODUCT_BUNDLE_IDENTIFIER" = "com.weftmate.apple.weftmatephone"; "SDKROOT" = "iphoneos"; "IPHONEOS_DEPLOYMENT_TARGET" = "17.0"; "SUPPORTED_PLATFORMS" = "iphoneos iphonesimulator"; "TARGETED_DEVICE_FAMILY" = "1,2"; "SUPPORTS_MACCATALYST" = "NO"; "INFOPLIST_KEY_UILaunchScreen_Generation" = "YES"; "INFOPLIST_KEY_UIApplicationSceneManifest_Generation" = "YES"; "INFOPLIST_KEY_UIApplicationSupportsIndirectInputEvents" = "YES"; "INFOPLIST_KEY_NSLocalNetworkUsageDescription" = "WeftMate 连接你选择的个人服务器，以便同步账户和会话。"; "SWIFT_OPTIMIZATION_LEVEL" = "-O"; "DEBUG_INFORMATION_FORMAT" = "dwarf-with-dsym"; "ONLY_ACTIVE_ARCH" = "NO"; }; "name" = "Release"; "baseConfigurationReference" = 8E0205CD89BF271E3726B26F; };
		9DEBDE21B4D1C3221F9F93E2 = { "isa" = "XCConfigurationList"; "buildConfigurations" = (99FDFC814BD7A1A169CDA776, 789CB2BE9E281CDF7197F871,); "defaultConfigurationIsVisible" = 0; "defaultConfigurationName" = "Release"; };
		42CA4A840094E0CF190E72BB = { "isa" = "PBXNativeTarget"; "buildConfigurationList" = 9DEBDE21B4D1C3221F9F93E2; "buildPhases" = (934142F40B2A3A2EB9BF6954, 5C4025F29291C5C1A32EC5DC, 85D63868D1B27B3028F817A6, C7C67A095FF2AE4B7E9699A1,); "buildRules" = (); "dependencies" = (0878DD2F65A4C7D5F896B798,); "name" = "WeftMatePhone"; "packageProductDependencies" = (A5D49BC174232DB80C891B33,); "productName" = "WeftMatePhone"; "productReference" = 4C15DC545FBC09E76709955A; "productType" = "com.apple.product-type.application"; };
		EB84F9CF989E1A6162A6CF4F = { "isa" = "PBXFileReference"; "explicitFileType" = "wrapper.cfbundle"; "includeInIndex" = 0; "path" = "WeftMateMacUITests.xctest"; "sourceTree" = "BUILT_PRODUCTS_DIR"; };
		986DA3FCBD15EAB4F56E0C1E = { "isa" = "PBXFileReference"; "lastKnownFileType" = "sourcecode.swift"; "path" = "Tests/WeftMateUITests.swift"; "sourceTree" = "SOURCE_ROOT"; };
		AF86619B8E5DC8F280031A74 = { "isa" = "PBXBuildFile"; "fileRef" = 986DA3FCBD15EAB4F56E0C1E; };
		0B998ADDCC75EFA2D0F80137 = { "isa" = "PBXSourcesBuildPhase"; "buildActionMask" = 2147483647; "files" = (AF86619B8E5DC8F280031A74,); "runOnlyForDeploymentPostprocessing" = 0; };
		5FDF2043CFDBA2093E2587B8 = { "isa" = "PBXFrameworksBuildPhase"; "buildActionMask" = 2147483647; "files" = (); "runOnlyForDeploymentPostprocessing" = 0; };
		82BE87C8BE7DB3944BE04778 = { "isa" = "PBXResourcesBuildPhase"; "buildActionMask" = 2147483647; "files" = (); "runOnlyForDeploymentPostprocessing" = 0; };
		0A6CA5CBC5E8579EC6E51252 = { "isa" = "PBXContainerItemProxy"; "containerPortal" = 244210E48437B6556980A702; "proxyType" = 1; "remoteGlobalIDString" = D1478B2C381431E2E99AD726; "remoteInfo" = "WeftMateMac"; };
		CD77AFF5B1B5976657212D71 = { "isa" = "PBXTargetDependency"; "target" = D1478B2C381431E2E99AD726; "targetProxy" = 0A6CA5CBC5E8579EC6E51252; };
		59AC16B0E9878692296ABEC9 = { "isa" = "XCBuildConfiguration"; "buildSettings" = { "PRODUCT_NAME" = "$(TARGET_NAME)"; "PRODUCT_BUNDLE_IDENTIFIER" = "com.weftmate.apple.weftmatemacuitests"; "SDKROOT" = "macosx"; "MACOSX_DEPLOYMENT_TARGET" = "14.0"; "SUPPORTED_PLATFORMS" = "macosx"; "COMBINE_HIDPI_IMAGES" = "YES"; "TEST_TARGET_NAME" = "WeftMateMac"; "INFOPLIST_KEY_CFBundleDisplayName" = "WeftMateMacUITests"; "SWIFT_OPTIMIZATION_LEVEL" = "-Onone"; "DEBUG_INFORMATION_FORMAT" = "dwarf"; "SWIFT_ACTIVE_COMPILATION_CONDITIONS" = "$(inherited) DEBUG"; "ENABLE_TESTABILITY" = "YES"; "ONLY_ACTIVE_ARCH" = "YES"; }; "name" = "Debug"; "baseConfigurationReference" = 8E0205CD89BF271E3726B26F; };
		AC3182182D5033FA63FB51D0 = { "isa" = "XCBuildConfiguration"; "buildSettings" = { "PRODUCT_NAME" = "$(TARGET_NAME)"; "PRODUCT_BUNDLE_IDENTIFIER" = "com.weftmate.apple.weftmatemacuitests"; "SDKROOT" = "macosx"; "MACOSX_DEPLOYMENT_TARGET" = "14.0"; "SUPPORTED_PLATFORMS" = "macosx"; "COMBINE_HIDPI_IMAGES" = "YES"; "TEST_TARGET_NAME" = "WeftMateMac"; "INFOPLIST_KEY_CFBundleDisplayName" = "WeftMateMacUITests"; "SWIFT_OPTIMIZATION_LEVEL" = "-O"; "DEBUG_INFORMATION_FORMAT" = "dwarf-with-dsym"; "ONLY_ACTIVE_ARCH" = "NO"; }; "name" = "Release"; "baseConfigurationReference" = 8E0205CD89BF271E3726B26F; };
		9D14B9AEF3376C50A4F5DA5E = { "isa" = "XCConfigurationList"; "buildConfigurations" = (59AC16B0E9878692296ABEC9, AC3182182D5033FA63FB51D0,); "defaultConfigurationIsVisible" = 0; "defaultConfigurationName" = "Release"; };
		5B6631F2E2B9F296129C13BF = { "isa" = "PBXNativeTarget"; "buildConfigurationList" = 9D14B9AEF3376C50A4F5DA5E; "buildPhases" = (0B998ADDCC75EFA2D0F80137, 5FDF2043CFDBA2093E2587B8, 82BE87C8BE7DB3944BE04778,); "buildRules" = (); "dependencies" = (CD77AFF5B1B5976657212D71,); "name" = "WeftMateMacUITests"; "packageProductDependencies" = (); "productName" = "WeftMateMacUITests"; "productReference" = EB84F9CF989E1A6162A6CF4F; "productType" = "com.apple.product-type.bundle.ui-testing"; };
		C0A08B551EC0B60C68C80573 = { "isa" = "PBXFileReference"; "explicitFileType" = "wrapper.cfbundle"; "includeInIndex" = 0; "path" = "WeftMatePhoneUITests.xctest"; "sourceTree" = "BUILT_PRODUCTS_DIR"; };
		794EC53F0869CB928D179482 = { "isa" = "PBXBuildFile"; "fileRef" = 986DA3FCBD15EAB4F56E0C1E; };
		FBB9B546AA83653260ADB1DE = { "isa" = "PBXSourcesBuildPhase"; "buildActionMask" = 2147483647; "files" = (794EC53F0869CB928D179482,); "runOnlyForDeploymentPostprocessing" = 0; };
		19039A617C43CF2C5A00D31D = { "isa" = "PBXFrameworksBuildPhase"; "buildActionMask" = 2147483647; "files" = (); "runOnlyForDeploymentPostprocessing" = 0; };
		914626CBC7C23C5647325DD7 = { "isa" = "PBXResourcesBuildPhase"; "buildActionMask" = 2147483647; "files" = (); "runOnlyForDeploymentPostprocessing" = 0; };
		300F5BEA5D71D7E3160803BF = { "isa" = "PBXContainerItemProxy"; "containerPortal" = 244210E48437B6556980A702; "proxyType" = 1; "remoteGlobalIDString" = 42CA4A840094E0CF190E72BB; "remoteInfo" = "WeftMatePhone"; };
		880C36BDCF788A93BA91C6DD = { "isa" = "PBXTargetDependency"; "target" = 42CA4A840094E0CF190E72BB; "targetProxy" = 300F5BEA5D71D7E3160803BF; };
		2394F266C2C3C90481C1090B = { "isa" = "XCBuildConfiguration"; "buildSettings" = { "PRODUCT_NAME" = "$(TARGET_NAME)"; "PRODUCT_BUNDLE_IDENTIFIER" = "com.weftmate.apple.weftmatephoneuitests"; "SDKROOT" = "iphoneos"; "IPHONEOS_DEPLOYMENT_TARGET" = "17.0"; "SUPPORTED_PLATFORMS" = "iphoneos iphonesimulator"; "TARGETED_DEVICE_FAMILY" = "1,2"; "SUPPORTS_MACCATALYST" = "NO"; "INFOPLIST_KEY_UILaunchScreen_Generation" = "YES"; "INFOPLIST_KEY_UIApplicationSceneManifest_Generation" = "YES"; "INFOPLIST_KEY_UIApplicationSupportsIndirectInputEvents" = "YES"; "TEST_TARGET_NAME" = "WeftMatePhone"; "INFOPLIST_KEY_CFBundleDisplayName" = "WeftMatePhoneUITests"; "SWIFT_OPTIMIZATION_LEVEL" = "-Onone"; "DEBUG_INFORMATION_FORMAT" = "dwarf"; "SWIFT_ACTIVE_COMPILATION_CONDITIONS" = "$(inherited) DEBUG"; "ENABLE_TESTABILITY" = "YES"; "ONLY_ACTIVE_ARCH" = "YES"; }; "name" = "Debug"; "baseConfigurationReference" = 8E0205CD89BF271E3726B26F; };
		573315C85D1D3646909F0AE1 = { "isa" = "XCBuildConfiguration"; "buildSettings" = { "PRODUCT_NAME" = "$(TARGET_NAME)"; "PRODUCT_BUNDLE_IDENTIFIER" = "com.weftmate.apple.weftmatephoneuitests"; "SDKROOT" = "iphoneos"; "IPHONEOS_DEPLOYMENT_TARGET" = "17.0"; "SUPPORTED_PLATFORMS" = "iphoneos iphonesimulator"; "TARGETED_DEVICE_FAMILY" = "1,2"; "SUPPORTS_MACCATALYST" = "NO"; "INFOPLIST_KEY_UILaunchScreen_Generation" = "YES"; "INFOPLIST_KEY_UIApplicationSceneManifest_Generation" = "YES"; "INFOPLIST_KEY_UIApplicationSupportsIndirectInputEvents" = "YES"; "TEST_TARGET_NAME" = "WeftMatePhone"; "INFOPLIST_KEY_CFBundleDisplayName" = "WeftMatePhoneUITests"; "SWIFT_OPTIMIZATION_LEVEL" = "-O"; "DEBUG_INFORMATION_FORMAT" = "dwarf-with-dsym"; "ONLY_ACTIVE_ARCH" = "NO"; }; "name" = "Release"; "baseConfigurationReference" = 8E0205CD89BF271E3726B26F; };
		BD04C37355D511E49B295983 = { "isa" = "XCConfigurationList"; "buildConfigurations" = (2394F266C2C3C90481C1090B, 573315C85D1D3646909F0AE1,); "defaultConfigurationIsVisible" = 0; "defaultConfigurationName" = "Release"; };
		6C968EC06678881252535CE5 = { "isa" = "PBXNativeTarget"; "buildConfigurationList" = BD04C37355D511E49B295983; "buildPhases" = (FBB9B546AA83653260ADB1DE, 19039A617C43CF2C5A00D31D, 914626CBC7C23C5647325DD7,); "buildRules" = (); "dependencies" = (880C36BDCF788A93BA91C6DD,); "name" = "WeftMatePhoneUITests"; "packageProductDependencies" = (); "productName" = "WeftMatePhoneUITests"; "productReference" = C0A08B551EC0B60C68C80573; "productType" = "com.apple.product-type.bundle.ui-testing"; };
		0A3E27B8CA818264D75C8D81 = { "isa" = "PBXGroup"; "children" = (BA442FB4F23467D83E780758, 260C25BAA3572A541A2E7DBE, 4C15DC545FBC09E76709955A, EB84F9CF989E1A6162A6CF4F, C0A08B551EC0B60C68C80573,); "name" = "Products"; "sourceTree" = "<group>"; };
		AD936FCBED631FA67E05C3EA = { "isa" = "PBXGroup"; "children" = (8E0205CD89BF271E3726B26F, A0F3B6E4ADA8FCFD3A78ED22, FB598E27661C239DDEF5CF2A, 99A408A95DB73077B535E783, 6B16D6BF5A2A2179ECD4B70B, DF60106D185FC537FB87DCBD, CB59990A1F4600A41F0D8D6E, FD9EF512637853F229843C58, FC159B357D695E9AB571FEBA, 027EF7DDFFFD11C0FB4EDA62, 56AD09BDAC80090BAFA6DCD1, BC672C9EA460BF6FA71AE5D9, 986DA3FCBD15EAB4F56E0C1E, 0A3E27B8CA818264D75C8D81,); "sourceTree" = "<group>"; };
		14CA4F15A175777FB2150B99 = { "isa" = "XCBuildConfiguration"; "buildSettings" = { "CLANG_WARN_DOCUMENTATION_COMMENTS" = "YES"; "CLANG_WARN_UNGUARDED_AVAILABILITY" = "YES_AGGRESSIVE"; "SWIFT_VERSION" = "6.0"; "SWIFT_OPTIMIZATION_LEVEL" = "-Onone"; "DEBUG_INFORMATION_FORMAT" = "dwarf"; "SWIFT_ACTIVE_COMPILATION_CONDITIONS" = "$(inherited) DEBUG"; "ENABLE_TESTABILITY" = "YES"; "ONLY_ACTIVE_ARCH" = "YES"; }; "name" = "Debug"; };
		F3DF75063428B201782532C1 = { "isa" = "XCBuildConfiguration"; "buildSettings" = { "CLANG_WARN_DOCUMENTATION_COMMENTS" = "YES"; "CLANG_WARN_UNGUARDED_AVAILABILITY" = "YES_AGGRESSIVE"; "SWIFT_VERSION" = "6.0"; "SWIFT_OPTIMIZATION_LEVEL" = "-O"; "DEBUG_INFORMATION_FORMAT" = "dwarf-with-dsym"; "ONLY_ACTIVE_ARCH" = "NO"; }; "name" = "Release"; };
		049F51A9A527285FFFEDBC85 = { "isa" = "XCConfigurationList"; "buildConfigurations" = (14CA4F15A175777FB2150B99, F3DF75063428B201782532C1,); "defaultConfigurationIsVisible" = 0; "defaultConfigurationName" = "Release"; };
		244210E48437B6556980A702 = { "isa" = "PBXProject"; "attributes" = { "BuildIndependentTargetsInParallel" = "YES"; "LastSwiftUpdateCheck" = "2630"; "LastUpgradeCheck" = "2630"; "TargetAttributes" = { "585DAF2CC644D67CD78B5981" = { "CreatedOnToolsVersion" = "26.3"; }; "D1478B2C381431E2E99AD726" = { "CreatedOnToolsVersion" = "26.3"; }; "42CA4A840094E0CF190E72BB" = { "CreatedOnToolsVersion" = "26.3"; }; "5B6631F2E2B9F296129C13BF" = { "CreatedOnToolsVersion" = "26.3"; "TestTargetID" = D1478B2C381431E2E99AD726; }; "6C968EC06678881252535CE5" = { "CreatedOnToolsVersion" = "26.3"; "TestTargetID" = 42CA4A840094E0CF190E72BB; }; }; }; "buildConfigurationList" = 049F51A9A527285FFFEDBC85; "compatibilityVersion" = "Xcode 14.0"; "developmentRegion" = "zh-Hans"; "knownRegions" = ("zh-Hans", "en", "Base",); "mainGroup" = AD936FCBED631FA67E05C3EA; "packageReferences" = (BC4A71180870F7945155FBB0,); "productRefGroup" = 0A3E27B8CA818264D75C8D81; "projectDirPath" = ""; "projectRoot" = ""; "targets" = (585DAF2CC644D67CD78B5981, D1478B2C381431E2E99AD726, 42CA4A840094E0CF190E72BB, 5B6631F2E2B9F296129C13BF, 6C968EC06678881252535CE5,); };
	};
	rootObject = 244210E48437B6556980A702;
}
