// !$*UTF8*$!
{
	archiveVersion = 1;
	classes = {};
	objectVersion = 56;
	objects = {
		8E0205CD89BF271E3726B26F = { "isa" = "PBXFileReference"; "lastKnownFileType" = "text.xcconfig"; "path" = "Config/Base.xcconfig"; "sourceTree" = "SOURCE_ROOT"; };
		BC4A71180870F7945155FBB0 = { "isa" = "XCLocalSwiftPackageReference"; "relativePath" = "Packages/WeftMateCore"; };
		BA442FB4F23467D83E780758 = { "isa" = "PBXFileReference"; "explicitFileType" = "wrapper.application"; "includeInIndex" = 0; "path" = "WeftMateWatch.app"; "sourceTree" = "BUILT_PRODUCTS_DIR"; };
		166275AED4E19345E94E3BA4 = { "isa" = "PBXFileReference"; "lastKnownFileType" = "sourcecode.swift"; "path" = "watchOS/WatchHealthView.swift"; "sourceTree" = "SOURCE_ROOT"; };
		A2DC994024B85344045DF269 = { "isa" = "PBXBuildFile"; "fileRef" = 166275AED4E19345E94E3BA4; };
		A0F3B6E4ADA8FCFD3A78ED22 = { "isa" = "PBXFileReference"; "lastKnownFileType" = "sourcecode.swift"; "path" = "watchOS/WatchHomeView.swift"; "sourceTree" = "SOURCE_ROOT"; };
		CF72721FFA9B34102FDCE3C2 = { "isa" = "PBXBuildFile"; "fileRef" = A0F3B6E4ADA8FCFD3A78ED22; };
		FB598E27661C239DDEF5CF2A = { "isa" = "PBXFileReference"; "lastKnownFileType" = "sourcecode.swift"; "path" = "watchOS/WeftMateWatchApp.swift"; "sourceTree" = "SOURCE_ROOT"; };
		7709B192BC78A7F969DEACE5 = { "isa" = "PBXBuildFile"; "fileRef" = FB598E27661C239DDEF5CF2A; };
		728D56FA0074C963ABC5FA9F = { "isa" = "PBXFileReference"; "lastKnownFileType" = "sourcecode.swift"; "path" = "UI/WeftIcon.swift"; "sourceTree" = "SOURCE_ROOT"; };
		B49169C64CE520A1648549A0 = { "isa" = "PBXBuildFile"; "fileRef" = 728D56FA0074C963ABC5FA9F; };
		8BF881B167D1C1EDEC7C5072 = { "isa" = "PBXFileReference"; "lastKnownFileType" = "sourcecode.swift"; "path" = "../../design/tokens/generated/apple/DesignTokens.swift"; "sourceTree" = "SOURCE_ROOT"; };
		1119195CA62D362931F479AA = { "isa" = "PBXBuildFile"; "fileRef" = 8BF881B167D1C1EDEC7C5072; };
		9287FDA4FDFDDD3FBF57B96C = { "isa" = "PBXSourcesBuildPhase"; "buildActionMask" = 2147483647; "files" = (A2DC994024B85344045DF269, CF72721FFA9B34102FDCE3C2, 7709B192BC78A7F969DEACE5, B49169C64CE520A1648549A0, 1119195CA62D362931F479AA,); "runOnlyForDeploymentPostprocessing" = 0; };
		25FBE847793B55F71708FF84 = { "isa" = "XCSwiftPackageProductDependency"; "package" = BC4A71180870F7945155FBB0; "productName" = "WeftMateCore"; };
		B6B335EF0CAE0ED983CEA9CF = { "isa" = "PBXBuildFile"; "productRef" = 25FBE847793B55F71708FF84; };
		4E9A1F184C762DA2EC295A3A = { "isa" = "PBXFrameworksBuildPhase"; "buildActionMask" = 2147483647; "files" = (B6B335EF0CAE0ED983CEA9CF,); "runOnlyForDeploymentPostprocessing" = 0; };
		887C6EAA9D5A44119004139A = { "isa" = "PBXFileReference"; "lastKnownFileType" = "folder.assetcatalog"; "path" = "Resources/Spirit.xcassets"; "sourceTree" = "SOURCE_ROOT"; };
		3BC80CB809762F3FCAEE0DB9 = { "isa" = "PBXBuildFile"; "fileRef" = 887C6EAA9D5A44119004139A; };
		C930E2E03BCB1CD1829BA52B = { "isa" = "PBXFileReference"; "lastKnownFileType" = "folder.assetcatalog"; "path" = "Resources/Icons.xcassets"; "sourceTree" = "SOURCE_ROOT"; };
		CD8E804113AEC7A8B3452E9A = { "isa" = "PBXBuildFile"; "fileRef" = C930E2E03BCB1CD1829BA52B; };
		7A121B6341CB416069980B57 = { "isa" = "PBXFileReference"; "lastKnownFileType" = "folder.assetcatalog"; "path" = "Resources/WatchIcons.xcassets"; "sourceTree" = "SOURCE_ROOT"; };
		9857D008A5C949FB717EDE0D = { "isa" = "PBXBuildFile"; "fileRef" = 7A121B6341CB416069980B57; };
		7B1B2C05F65D963B0F368ADA = { "isa" = "PBXResourcesBuildPhase"; "buildActionMask" = 2147483647; "files" = (3BC80CB809762F3FCAEE0DB9, CD8E804113AEC7A8B3452E9A, 9857D008A5C949FB717EDE0D,); "runOnlyForDeploymentPostprocessing" = 0; };
		8584EF1C87D558D51DA01731 = { "isa" = "XCBuildConfiguration"; "buildSettings" = { "PRODUCT_NAME" = "$(TARGET_NAME)"; "PRODUCT_BUNDLE_IDENTIFIER" = "com.weftmate.apple.weftmatephone.watch"; "SDKROOT" = "watchos"; "ASSETCATALOG_COMPILER_APPICON_NAME" = "AppIcon"; "WATCHOS_DEPLOYMENT_TARGET" = "10.0"; "SUPPORTED_PLATFORMS" = "watchos watchsimulator"; "TARGETED_DEVICE_FAMILY" = "4"; "SKIP_INSTALL" = "YES"; "INFOPLIST_KEY_WKApplication" = "YES"; "INFOPLIST_KEY_WKCompanionAppBundleIdentifier" = "com.weftmate.apple.weftmatephone"; "INFOPLIST_KEY_WKRunsIndependentlyOfCompanionApp" = "NO"; "CODE_SIGN_ENTITLEMENTS" = "Config/WeftMateHealth.entitlements"; "INFOPLIST_KEY_NSHealthShareUsageDescription" = "WeftMate 只读取你选择的健康项目，在设备上汇总每日摘要，用于个人陪伴。"; "SWIFT_OPTIMIZATION_LEVEL" = "-Onone"; "DEBUG_INFORMATION_FORMAT" = "dwarf"; "SWIFT_ACTIVE_COMPILATION_CONDITIONS" = "$(inherited) DEBUG"; "ENABLE_TESTABILITY" = "YES"; "ONLY_ACTIVE_ARCH" = "YES"; }; "name" = "Debug"; "baseConfigurationReference" = 8E0205CD89BF271E3726B26F; };
		E472D4DF23C4C5AA260F87CA = { "isa" = "XCBuildConfiguration"; "buildSettings" = { "PRODUCT_NAME" = "$(TARGET_NAME)"; "PRODUCT_BUNDLE_IDENTIFIER" = "com.weftmate.apple.weftmatephone.watch"; "SDKROOT" = "watchos"; "ASSETCATALOG_COMPILER_APPICON_NAME" = "AppIcon"; "WATCHOS_DEPLOYMENT_TARGET" = "10.0"; "SUPPORTED_PLATFORMS" = "watchos watchsimulator"; "TARGETED_DEVICE_FAMILY" = "4"; "SKIP_INSTALL" = "YES"; "INFOPLIST_KEY_WKApplication" = "YES"; "INFOPLIST_KEY_WKCompanionAppBundleIdentifier" = "com.weftmate.apple.weftmatephone"; "INFOPLIST_KEY_WKRunsIndependentlyOfCompanionApp" = "NO"; "CODE_SIGN_ENTITLEMENTS" = "Config/WeftMateHealth.entitlements"; "INFOPLIST_KEY_NSHealthShareUsageDescription" = "WeftMate 只读取你选择的健康项目，在设备上汇总每日摘要，用于个人陪伴。"; "SWIFT_OPTIMIZATION_LEVEL" = "-O"; "DEBUG_INFORMATION_FORMAT" = "dwarf-with-dsym"; "ONLY_ACTIVE_ARCH" = "NO"; }; "name" = "Release"; "baseConfigurationReference" = 8E0205CD89BF271E3726B26F; };
		5BEB138F6611A65DFB15F231 = { "isa" = "XCConfigurationList"; "buildConfigurations" = (8584EF1C87D558D51DA01731, E472D4DF23C4C5AA260F87CA,); "defaultConfigurationIsVisible" = 0; "defaultConfigurationName" = "Release"; };
		585DAF2CC644D67CD78B5981 = { "isa" = "PBXNativeTarget"; "buildConfigurationList" = 5BEB138F6611A65DFB15F231; "buildPhases" = (9287FDA4FDFDDD3FBF57B96C, 4E9A1F184C762DA2EC295A3A, 7B1B2C05F65D963B0F368ADA,); "buildRules" = (); "dependencies" = (); "name" = "WeftMateWatch"; "packageProductDependencies" = (25FBE847793B55F71708FF84,); "productName" = "WeftMateWatch"; "productReference" = BA442FB4F23467D83E780758; "productType" = "com.apple.product-type.application"; };
		260C25BAA3572A541A2E7DBE = { "isa" = "PBXFileReference"; "explicitFileType" = "wrapper.application"; "includeInIndex" = 0; "path" = "WeftMateMac.app"; "sourceTree" = "BUILT_PRODUCTS_DIR"; };
		AC5D4CF06F05DEE9FA8B1868 = { "isa" = "PBXFileReference"; "lastKnownFileType" = "sourcecode.swift"; "path" = "UI/A10MacReview.swift"; "sourceTree" = "SOURCE_ROOT"; };
		279A8A8818E23025308FBA2F = { "isa" = "PBXBuildFile"; "fileRef" = AC5D4CF06F05DEE9FA8B1868; };
		BE9C9FC0B29768F0FB3806EB = { "isa" = "PBXFileReference"; "lastKnownFileType" = "sourcecode.swift"; "path" = "UI/A11MacReview.swift"; "sourceTree" = "SOURCE_ROOT"; };
		9A03F2DCD7511F8D3733CAFB = { "isa" = "PBXBuildFile"; "fileRef" = BE9C9FC0B29768F0FB3806EB; };
		0E630962BE508C993E2E148A = { "isa" = "PBXFileReference"; "lastKnownFileType" = "sourcecode.swift"; "path" = "UI/AccountSettingsView.swift"; "sourceTree" = "SOURCE_ROOT"; };
		18AAA4A234C9B7F80BE9259B = { "isa" = "PBXBuildFile"; "fileRef" = 0E630962BE508C993E2E148A; };
		99A408A95DB73077B535E783 = { "isa" = "PBXFileReference"; "lastKnownFileType" = "sourcecode.swift"; "path" = "UI/AppleAppModel.swift"; "sourceTree" = "SOURCE_ROOT"; };
		1CA6F7E3B772A3457B7332C9 = { "isa" = "PBXBuildFile"; "fileRef" = 99A408A95DB73077B535E783; };
		DA4794C517C4837EA1BA4488 = { "isa" = "PBXFileReference"; "lastKnownFileType" = "sourcecode.swift"; "path" = "UI/AppleSettingsModel.swift"; "sourceTree" = "SOURCE_ROOT"; };
		F10BE36EBCDA597582E4A198 = { "isa" = "PBXBuildFile"; "fileRef" = DA4794C517C4837EA1BA4488; };
		2ED638A35F6FE78B2F4D5D51 = { "isa" = "PBXFileReference"; "lastKnownFileType" = "sourcecode.swift"; "path" = "UI/ApprovalModeControl.swift"; "sourceTree" = "SOURCE_ROOT"; };
		A3D219D22FDC59406627A533 = { "isa" = "PBXBuildFile"; "fileRef" = 2ED638A35F6FE78B2F4D5D51; };
		6B16D6BF5A2A2179ECD4B70B = { "isa" = "PBXFileReference"; "lastKnownFileType" = "sourcecode.swift"; "path" = "UI/AuthView.swift"; "sourceTree" = "SOURCE_ROOT"; };
		9EDDE792799E29BDB43BDCAF = { "isa" = "PBXBuildFile"; "fileRef" = 6B16D6BF5A2A2179ECD4B70B; };
		03D995F6830F3312390982CE = { "isa" = "PBXFileReference"; "lastKnownFileType" = "sourcecode.swift"; "path" = "UI/CloudAccessView.swift"; "sourceTree" = "SOURCE_ROOT"; };
		59D5077801E1FC83767C6550 = { "isa" = "PBXBuildFile"; "fileRef" = 03D995F6830F3312390982CE; };
		0E68180554518C45BD53BEDD = { "isa" = "PBXFileReference"; "lastKnownFileType" = "sourcecode.swift"; "path" = "UI/CloudBrowser.swift"; "sourceTree" = "SOURCE_ROOT"; };
		814B8E56FB823C5A0AE6C12E = { "isa" = "PBXBuildFile"; "fileRef" = 0E68180554518C45BD53BEDD; };
		B63C25A676FC50EB34199857 = { "isa" = "PBXFileReference"; "lastKnownFileType" = "sourcecode.swift"; "path" = "UI/CloudDevicesView.swift"; "sourceTree" = "SOURCE_ROOT"; };
		3B00CFFEFE64C02905D3019A = { "isa" = "PBXBuildFile"; "fileRef" = B63C25A676FC50EB34199857; };
		B2B0473BC964E2CBF6C12B5B = { "isa" = "PBXFileReference"; "lastKnownFileType" = "sourcecode.swift"; "path" = "UI/CloudLoginModel.swift"; "sourceTree" = "SOURCE_ROOT"; };
		74478029389CF745A54B2C43 = { "isa" = "PBXBuildFile"; "fileRef" = B2B0473BC964E2CBF6C12B5B; };
		5B735E6FB46F36C2A94124F3 = { "isa" = "PBXFileReference"; "lastKnownFileType" = "sourcecode.swift"; "path" = "UI/ConversationAdoptionState.swift"; "sourceTree" = "SOURCE_ROOT"; };
		ECC57DF596AB2FB5E5352790 = { "isa" = "PBXBuildFile"; "fileRef" = 5B735E6FB46F36C2A94124F3; };
		9CD6BFF12F3BC3F204748D53 = { "isa" = "PBXFileReference"; "lastKnownFileType" = "sourcecode.swift"; "path" = "UI/ConversationApprovalBar.swift"; "sourceTree" = "SOURCE_ROOT"; };
		0FAA9794A450D97F25239A9E = { "isa" = "PBXBuildFile"; "fileRef" = 9CD6BFF12F3BC3F204748D53; };
		3B98248FC06624FF859105F3 = { "isa" = "PBXFileReference"; "lastKnownFileType" = "sourcecode.swift"; "path" = "UI/ConversationAttachmentState.swift"; "sourceTree" = "SOURCE_ROOT"; };
		0AF96654888342345605176D = { "isa" = "PBXBuildFile"; "fileRef" = 3B98248FC06624FF859105F3; };
		D0DD625D0F762BBD07DD5C7C = { "isa" = "PBXFileReference"; "lastKnownFileType" = "sourcecode.swift"; "path" = "UI/ConversationAttachmentView.swift"; "sourceTree" = "SOURCE_ROOT"; };
		E3421BBD457EEF0FD1984722 = { "isa" = "PBXBuildFile"; "fileRef" = D0DD625D0F762BBD07DD5C7C; };
		69BD4BB217AF1C7E7E62FDF9 = { "isa" = "PBXFileReference"; "lastKnownFileType" = "sourcecode.swift"; "path" = "UI/ConversationResourcesModel.swift"; "sourceTree" = "SOURCE_ROOT"; };
		224F053A75BE83A654AAC77C = { "isa" = "PBXBuildFile"; "fileRef" = 69BD4BB217AF1C7E7E62FDF9; };
		3257A05B66A7C10D4F9C5017 = { "isa" = "PBXFileReference"; "lastKnownFileType" = "sourcecode.swift"; "path" = "UI/ConversationResourcesView.swift"; "sourceTree" = "SOURCE_ROOT"; };
		1EB2849159D84457E6C4E400 = { "isa" = "PBXBuildFile"; "fileRef" = 3257A05B66A7C10D4F9C5017; };
		6622237BD382BC193E37D2F7 = { "isa" = "PBXFileReference"; "lastKnownFileType" = "sourcecode.swift"; "path" = "UI/ConversationSendState.swift"; "sourceTree" = "SOURCE_ROOT"; };
		C90C56A9E66279F1139900ED = { "isa" = "PBXBuildFile"; "fileRef" = 6622237BD382BC193E37D2F7; };
		4A71D8BF88F26972D2C35823 = { "isa" = "PBXFileReference"; "lastKnownFileType" = "sourcecode.swift"; "path" = "UI/ConversationTimelineView.swift"; "sourceTree" = "SOURCE_ROOT"; };
		D5FECBEED9835F9100C5EFCE = { "isa" = "PBXBuildFile"; "fileRef" = 4A71D8BF88F26972D2C35823; };
		DF60106D185FC537FB87DCBD = { "isa" = "PBXFileReference"; "lastKnownFileType" = "sourcecode.swift"; "path" = "UI/ConversationView.swift"; "sourceTree" = "SOURCE_ROOT"; };
		68C52A8DC53B1AA6B640029D = { "isa" = "PBXBuildFile"; "fileRef" = DF60106D185FC537FB87DCBD; };
		CB59990A1F4600A41F0D8D6E = { "isa" = "PBXFileReference"; "lastKnownFileType" = "sourcecode.swift"; "path" = "UI/DevicesView.swift"; "sourceTree" = "SOURCE_ROOT"; };
		968EC5AAD67FD167D1462079 = { "isa" = "PBXBuildFile"; "fileRef" = CB59990A1F4600A41F0D8D6E; };
		BB10CE26244E7ACAE8B3AC21 = { "isa" = "PBXFileReference"; "lastKnownFileType" = "sourcecode.swift"; "path" = "UI/MemoryWorkspaceModel.swift"; "sourceTree" = "SOURCE_ROOT"; };
		1DD8964B9A9762F3B1C49DF8 = { "isa" = "PBXBuildFile"; "fileRef" = BB10CE26244E7ACAE8B3AC21; };
		E6CC53A309DF344D08FD75F3 = { "isa" = "PBXFileReference"; "lastKnownFileType" = "sourcecode.swift"; "path" = "UI/MemoryWorkspaceView.swift"; "sourceTree" = "SOURCE_ROOT"; };
		833E172D3447FA627A04752A = { "isa" = "PBXBuildFile"; "fileRef" = E6CC53A309DF344D08FD75F3; };
		A7E7E033E176D9BC1BA4FE71 = { "isa" = "PBXFileReference"; "lastKnownFileType" = "sourcecode.swift"; "path" = "UI/MessageBodyView.swift"; "sourceTree" = "SOURCE_ROOT"; };
		A3EE8D5188CD1DE4ED85E070 = { "isa" = "PBXBuildFile"; "fileRef" = A7E7E033E176D9BC1BA4FE71; };
		52A1522398FF6B22F43B1EE4 = { "isa" = "PBXFileReference"; "lastKnownFileType" = "sourcecode.swift"; "path" = "UI/MessageMarkdown.swift"; "sourceTree" = "SOURCE_ROOT"; };
		88F5E41AC3B8365833523339 = { "isa" = "PBXBuildFile"; "fileRef" = 52A1522398FF6B22F43B1EE4; };
		70DF56958F2BAA0F5CD2426D = { "isa" = "PBXFileReference"; "lastKnownFileType" = "sourcecode.swift"; "path" = "UI/OptimisticMessageRow.swift"; "sourceTree" = "SOURCE_ROOT"; };
		9891D911860B4D86A4F14B67 = { "isa" = "PBXBuildFile"; "fileRef" = 70DF56958F2BAA0F5CD2426D; };
		7E2DBAE37E2B4FD1D317357F = { "isa" = "PBXFileReference"; "lastKnownFileType" = "sourcecode.swift"; "path" = "UI/PhoneAccountMenu.swift"; "sourceTree" = "SOURCE_ROOT"; };
		2F025D1387BA21A3D849C9EF = { "isa" = "PBXBuildFile"; "fileRef" = 7E2DBAE37E2B4FD1D317357F; };
		24BF79E930858609A5EABC4F = { "isa" = "PBXFileReference"; "lastKnownFileType" = "sourcecode.swift"; "path" = "UI/PhoneWatchTimelineBridge.swift"; "sourceTree" = "SOURCE_ROOT"; };
		3673DC026690E7D99546771B = { "isa" = "PBXBuildFile"; "fileRef" = 24BF79E930858609A5EABC4F; };
		D07B52917A2790B9BEE4577F = { "isa" = "PBXFileReference"; "lastKnownFileType" = "sourcecode.swift"; "path" = "UI/ProjectsView.swift"; "sourceTree" = "SOURCE_ROOT"; };
		9C5441FEC12491E811E4879C = { "isa" = "PBXBuildFile"; "fileRef" = D07B52917A2790B9BEE4577F; };
		E0E94E1332A9736C810768EC = { "isa" = "PBXFileReference"; "lastKnownFileType" = "sourcecode.swift"; "path" = "UI/SessionActions.swift"; "sourceTree" = "SOURCE_ROOT"; };
		C5AD326C1B48898171B2FB7D = { "isa" = "PBXBuildFile"; "fileRef" = E0E94E1332A9736C810768EC; };
		FD9EF512637853F229843C58 = { "isa" = "PBXFileReference"; "lastKnownFileType" = "sourcecode.swift"; "path" = "UI/SettingsView.swift"; "sourceTree" = "SOURCE_ROOT"; };
		AE6E11B8FDD14D1151FCCFD9 = { "isa" = "PBXBuildFile"; "fileRef" = FD9EF512637853F229843C58; };
		0C5E8883E7EAD8F0E50C27AF = { "isa" = "PBXFileReference"; "lastKnownFileType" = "sourcecode.swift"; "path" = "UI/SpiritProfileView.swift"; "sourceTree" = "SOURCE_ROOT"; };
		7CC967285F8CDCDFA9605C20 = { "isa" = "PBXBuildFile"; "fileRef" = 0C5E8883E7EAD8F0E50C27AF; };
		A757C8A7F2C00D9F1C4373F1 = { "isa" = "PBXFileReference"; "lastKnownFileType" = "sourcecode.swift"; "path" = "UI/SpiritView.swift"; "sourceTree" = "SOURCE_ROOT"; };
		7CE610AC87FD4D50C7C9D65E = { "isa" = "PBXBuildFile"; "fileRef" = A757C8A7F2C00D9F1C4373F1; };
		D85DF5FF0B073F14B655E5B7 = { "isa" = "PBXFileReference"; "lastKnownFileType" = "sourcecode.swift"; "path" = "UI/TaskDirectoryModel.swift"; "sourceTree" = "SOURCE_ROOT"; };
		C0CD7EBE91A8CEC74816F35A = { "isa" = "PBXBuildFile"; "fileRef" = D85DF5FF0B073F14B655E5B7; };
		6E61819E242C4419AC3E6617 = { "isa" = "PBXFileReference"; "lastKnownFileType" = "sourcecode.swift"; "path" = "UI/TaskInteractionModel.swift"; "sourceTree" = "SOURCE_ROOT"; };
		52A72D81D503FB6D3B4DA9B3 = { "isa" = "PBXBuildFile"; "fileRef" = 6E61819E242C4419AC3E6617; };
		2EC3F953A5DFE85C8F183867 = { "isa" = "PBXFileReference"; "lastKnownFileType" = "sourcecode.swift"; "path" = "UI/TaskInteractionView.swift"; "sourceTree" = "SOURCE_ROOT"; };
		B36741E99A25F96B59D795B7 = { "isa" = "PBXBuildFile"; "fileRef" = 2EC3F953A5DFE85C8F183867; };
		D7CE088775D64BC2DC9A1438 = { "isa" = "PBXFileReference"; "lastKnownFileType" = "sourcecode.swift"; "path" = "UI/TaskPresentation.swift"; "sourceTree" = "SOURCE_ROOT"; };
		C4B7F44F263CFFDC6E44A302 = { "isa" = "PBXBuildFile"; "fileRef" = D7CE088775D64BC2DC9A1438; };
		7C3C51CF03227E1789DAD010 = { "isa" = "PBXFileReference"; "lastKnownFileType" = "sourcecode.swift"; "path" = "UI/TaskWorkspaceModel.swift"; "sourceTree" = "SOURCE_ROOT"; };
		35CB075DAE9781FB95EFF221 = { "isa" = "PBXBuildFile"; "fileRef" = 7C3C51CF03227E1789DAD010; };
		7659F6B91B1F94F0D9AE63FA = { "isa" = "PBXFileReference"; "lastKnownFileType" = "sourcecode.swift"; "path" = "UI/TimelineArtifactCard.swift"; "sourceTree" = "SOURCE_ROOT"; };
		91FC681E19039CDA24838DE2 = { "isa" = "PBXBuildFile"; "fileRef" = 7659F6B91B1F94F0D9AE63FA; };
		70E65A6F747034E58169B7A9 = { "isa" = "PBXFileReference"; "lastKnownFileType" = "sourcecode.swift"; "path" = "UI/TimelineTaskControl.swift"; "sourceTree" = "SOURCE_ROOT"; };
		D3B1810D80633C2A464E9F98 = { "isa" = "PBXBuildFile"; "fileRef" = 70E65A6F747034E58169B7A9; };
		7464D5CBF0CCFF4B599777D1 = { "isa" = "PBXFileReference"; "lastKnownFileType" = "sourcecode.swift"; "path" = "UI/ToolProgressModel.swift"; "sourceTree" = "SOURCE_ROOT"; };
		090174C813B2208C76478609 = { "isa" = "PBXBuildFile"; "fileRef" = 7464D5CBF0CCFF4B599777D1; };
		E1B7A2A62E28E8802940D3E6 = { "isa" = "PBXFileReference"; "lastKnownFileType" = "sourcecode.swift"; "path" = "UI/UsageView.swift"; "sourceTree" = "SOURCE_ROOT"; };
		638F967F848D7F387C83531B = { "isa" = "PBXBuildFile"; "fileRef" = E1B7A2A62E28E8802940D3E6; };
		FC159B357D695E9AB571FEBA = { "isa" = "PBXFileReference"; "lastKnownFileType" = "sourcecode.swift"; "path" = "UI/WeaveTheme.swift"; "sourceTree" = "SOURCE_ROOT"; };
		EEED7991F49C6A36A5A4DABC = { "isa" = "PBXBuildFile"; "fileRef" = FC159B357D695E9AB571FEBA; };
		CCC352C1FC52C2F5EA980333 = { "isa" = "PBXBuildFile"; "fileRef" = 728D56FA0074C963ABC5FA9F; };
		027EF7DDFFFD11C0FB4EDA62 = { "isa" = "PBXFileReference"; "lastKnownFileType" = "sourcecode.swift"; "path" = "UI/WeftMateRootView.swift"; "sourceTree" = "SOURCE_ROOT"; };
		B0B0BFDE56480A936BA1CF31 = { "isa" = "PBXBuildFile"; "fileRef" = 027EF7DDFFFD11C0FB4EDA62; };
		BC35503F2A4155D700D82A3C = { "isa" = "PBXFileReference"; "lastKnownFileType" = "sourcecode.swift"; "path" = "macOS/A12MacReview.swift"; "sourceTree" = "SOURCE_ROOT"; };
		F554FBC2D53EC44943D6172C = { "isa" = "PBXBuildFile"; "fileRef" = BC35503F2A4155D700D82A3C; };
		F2B2C3204911EF6712DB4747 = { "isa" = "PBXFileReference"; "lastKnownFileType" = "sourcecode.swift"; "path" = "macOS/MacLoginItemModel.swift"; "sourceTree" = "SOURCE_ROOT"; };
		E14F9E56388E698F2CBBC931 = { "isa" = "PBXBuildFile"; "fileRef" = F2B2C3204911EF6712DB4747; };
		4A09D2A8DBB857397F5B4C67 = { "isa" = "PBXFileReference"; "lastKnownFileType" = "sourcecode.swift"; "path" = "macOS/MacUpdateModel.swift"; "sourceTree" = "SOURCE_ROOT"; };
		C7E66107D04B13C5D66A3D03 = { "isa" = "PBXBuildFile"; "fileRef" = 4A09D2A8DBB857397F5B4C67; };
		EAFFC9A21F38762D89B61EBA = { "isa" = "PBXFileReference"; "lastKnownFileType" = "sourcecode.swift"; "path" = "macOS/MacUpdateView.swift"; "sourceTree" = "SOURCE_ROOT"; };
		35030F6A0012C449BE886E99 = { "isa" = "PBXBuildFile"; "fileRef" = EAFFC9A21F38762D89B61EBA; };
		56AD09BDAC80090BAFA6DCD1 = { "isa" = "PBXFileReference"; "lastKnownFileType" = "sourcecode.swift"; "path" = "macOS/WeftMateMacApp.swift"; "sourceTree" = "SOURCE_ROOT"; };
		A2065E8248C428ADB4B9E15B = { "isa" = "PBXBuildFile"; "fileRef" = 56AD09BDAC80090BAFA6DCD1; };
		1DFDB8928B9BA0C2F01829F8 = { "isa" = "PBXFileReference"; "lastKnownFileType" = "sourcecode.swift"; "path" = "Tests/TaskProgressUIFixture.swift"; "sourceTree" = "SOURCE_ROOT"; };
		1CB6D14A2D30E1F2149F5E26 = { "isa" = "PBXBuildFile"; "fileRef" = 1DFDB8928B9BA0C2F01829F8; };
		DB6B8D97CC0F39943113375F = { "isa" = "PBXFileReference"; "lastKnownFileType" = "sourcecode.swift"; "path" = "Tests/AppleContractUIFixture.swift"; "sourceTree" = "SOURCE_ROOT"; };
		31BDD6C7BE7FE0B29B6B862A = { "isa" = "PBXBuildFile"; "fileRef" = DB6B8D97CC0F39943113375F; };
		ABE1447A9A530FD93C2A981B = { "isa" = "PBXFileReference"; "lastKnownFileType" = "sourcecode.swift"; "path" = "Tests/HealthKitUIFixture.swift"; "sourceTree" = "SOURCE_ROOT"; };
		022EA29CD66F1B601036AEFC = { "isa" = "PBXBuildFile"; "fileRef" = ABE1447A9A530FD93C2A981B; };
		5465FA7638A320ABB357C0AA = { "isa" = "PBXBuildFile"; "fileRef" = 8BF881B167D1C1EDEC7C5072; };
		806713CD0E235C248B959DE1 = { "isa" = "PBXSourcesBuildPhase"; "buildActionMask" = 2147483647; "files" = (279A8A8818E23025308FBA2F, 9A03F2DCD7511F8D3733CAFB, 18AAA4A234C9B7F80BE9259B, 1CA6F7E3B772A3457B7332C9, F10BE36EBCDA597582E4A198, A3D219D22FDC59406627A533, 9EDDE792799E29BDB43BDCAF, 59D5077801E1FC83767C6550, 814B8E56FB823C5A0AE6C12E, 3B00CFFEFE64C02905D3019A, 74478029389CF745A54B2C43, ECC57DF596AB2FB5E5352790, 0FAA9794A450D97F25239A9E, 0AF96654888342345605176D, E3421BBD457EEF0FD1984722, 224F053A75BE83A654AAC77C, 1EB2849159D84457E6C4E400, C90C56A9E66279F1139900ED, D5FECBEED9835F9100C5EFCE, 68C52A8DC53B1AA6B640029D, 968EC5AAD67FD167D1462079, 1DD8964B9A9762F3B1C49DF8, 833E172D3447FA627A04752A, A3EE8D5188CD1DE4ED85E070, 88F5E41AC3B8365833523339, 9891D911860B4D86A4F14B67, 2F025D1387BA21A3D849C9EF, 3673DC026690E7D99546771B, 9C5441FEC12491E811E4879C, C5AD326C1B48898171B2FB7D, AE6E11B8FDD14D1151FCCFD9, 7CC967285F8CDCDFA9605C20, 7CE610AC87FD4D50C7C9D65E, C0CD7EBE91A8CEC74816F35A, 52A72D81D503FB6D3B4DA9B3, B36741E99A25F96B59D795B7, C4B7F44F263CFFDC6E44A302, 35CB075DAE9781FB95EFF221, 91FC681E19039CDA24838DE2, D3B1810D80633C2A464E9F98, 090174C813B2208C76478609, 638F967F848D7F387C83531B, EEED7991F49C6A36A5A4DABC, CCC352C1FC52C2F5EA980333, B0B0BFDE56480A936BA1CF31, F554FBC2D53EC44943D6172C, E14F9E56388E698F2CBBC931, C7E66107D04B13C5D66A3D03, 35030F6A0012C449BE886E99, A2065E8248C428ADB4B9E15B, 1CB6D14A2D30E1F2149F5E26, 31BDD6C7BE7FE0B29B6B862A, 022EA29CD66F1B601036AEFC, 5465FA7638A320ABB357C0AA,); "runOnlyForDeploymentPostprocessing" = 0; };
		62D41EF99D9E7E85D43BD0EE = { "isa" = "XCSwiftPackageProductDependency"; "package" = BC4A71180870F7945155FBB0; "productName" = "WeftMateCore"; };
		F7FB9C7D9AFE71142B1DE93B = { "isa" = "PBXBuildFile"; "productRef" = 62D41EF99D9E7E85D43BD0EE; };
		B68D278508289471EBAB6750 = { "isa" = "PBXFrameworksBuildPhase"; "buildActionMask" = 2147483647; "files" = (F7FB9C7D9AFE71142B1DE93B,); "runOnlyForDeploymentPostprocessing" = 0; };
		FB792CF8750B735617291921 = { "isa" = "PBXBuildFile"; "fileRef" = 887C6EAA9D5A44119004139A; };
		EDCD5644F175AA76A73602C7 = { "isa" = "PBXBuildFile"; "fileRef" = C930E2E03BCB1CD1829BA52B; };
		F7429D08592FA2D4DFE6E62E = { "isa" = "PBXFileReference"; "lastKnownFileType" = "folder.assetcatalog"; "path" = "Resources/MacIcons.xcassets"; "sourceTree" = "SOURCE_ROOT"; };
		98B2154A74272002BC43345C = { "isa" = "PBXBuildFile"; "fileRef" = F7429D08592FA2D4DFE6E62E; };
		33D4E140C877701AA545B0A9 = { "isa" = "PBXFileReference"; "lastKnownFileType" = "net.daringfireball.markdown"; "path" = "../../docs/legal/terms-zh.md"; "sourceTree" = "SOURCE_ROOT"; };
		70AF71BF1B4BB9ECB47EB3FD = { "isa" = "PBXBuildFile"; "fileRef" = 33D4E140C877701AA545B0A9; };
		993F1148244B87F1DFA8FADA = { "isa" = "PBXFileReference"; "lastKnownFileType" = "net.daringfireball.markdown"; "path" = "../../docs/legal/privacy-zh.md"; "sourceTree" = "SOURCE_ROOT"; };
		CB872DCDAB5B23E6E6882CF7 = { "isa" = "PBXBuildFile"; "fileRef" = 993F1148244B87F1DFA8FADA; };
		ED7CB4B364DD6A30EE739AA7 = { "isa" = "PBXResourcesBuildPhase"; "buildActionMask" = 2147483647; "files" = (FB792CF8750B735617291921, EDCD5644F175AA76A73602C7, 98B2154A74272002BC43345C, 70AF71BF1B4BB9ECB47EB3FD, CB872DCDAB5B23E6E6882CF7,); "runOnlyForDeploymentPostprocessing" = 0; };
		B29716B5547863916951E080 = { "isa" = "XCBuildConfiguration"; "buildSettings" = { "PRODUCT_NAME" = "$(TARGET_NAME)"; "PRODUCT_BUNDLE_IDENTIFIER" = "com.weftmate.apple.weftmatemac"; "SDKROOT" = "macosx"; "ASSETCATALOG_COMPILER_APPICON_NAME" = "AppIcon"; "MACOSX_DEPLOYMENT_TARGET" = "14.0"; "SUPPORTED_PLATFORMS" = "macosx"; "COMBINE_HIDPI_IMAGES" = "YES"; "CODE_SIGN_ENTITLEMENTS" = "Config/WeftMateMac.entitlements"; "INFOPLIST_FILE" = "Config/MacInfo.plist"; "INFOPLIST_KEY_NSLocalNetworkUsageDescription" = "WeftMate 连接你选择的个人服务器，以便同步账户和会话。"; "SWIFT_OPTIMIZATION_LEVEL" = "-Onone"; "DEBUG_INFORMATION_FORMAT" = "dwarf"; "SWIFT_ACTIVE_COMPILATION_CONDITIONS" = "$(inherited) DEBUG"; "ENABLE_TESTABILITY" = "YES"; "ONLY_ACTIVE_ARCH" = "YES"; }; "name" = "Debug"; "baseConfigurationReference" = 8E0205CD89BF271E3726B26F; };
		BEF21CBF5CDCBCD8ABF88D11 = { "isa" = "XCBuildConfiguration"; "buildSettings" = { "PRODUCT_NAME" = "$(TARGET_NAME)"; "PRODUCT_BUNDLE_IDENTIFIER" = "com.weftmate.apple.weftmatemac"; "SDKROOT" = "macosx"; "ASSETCATALOG_COMPILER_APPICON_NAME" = "AppIcon"; "MACOSX_DEPLOYMENT_TARGET" = "14.0"; "SUPPORTED_PLATFORMS" = "macosx"; "COMBINE_HIDPI_IMAGES" = "YES"; "CODE_SIGN_ENTITLEMENTS" = "Config/WeftMateMac.entitlements"; "INFOPLIST_FILE" = "Config/MacInfo.plist"; "INFOPLIST_KEY_NSLocalNetworkUsageDescription" = "WeftMate 连接你选择的个人服务器，以便同步账户和会话。"; "SWIFT_OPTIMIZATION_LEVEL" = "-O"; "DEBUG_INFORMATION_FORMAT" = "dwarf-with-dsym"; "ONLY_ACTIVE_ARCH" = "NO"; }; "name" = "Release"; "baseConfigurationReference" = 8E0205CD89BF271E3726B26F; };
		A9F1ABC71E98B80DF1797CB0 = { "isa" = "XCConfigurationList"; "buildConfigurations" = (B29716B5547863916951E080, BEF21CBF5CDCBCD8ABF88D11,); "defaultConfigurationIsVisible" = 0; "defaultConfigurationName" = "Release"; };
		D1478B2C381431E2E99AD726 = { "isa" = "PBXNativeTarget"; "buildConfigurationList" = A9F1ABC71E98B80DF1797CB0; "buildPhases" = (806713CD0E235C248B959DE1, B68D278508289471EBAB6750, ED7CB4B364DD6A30EE739AA7,); "buildRules" = (); "dependencies" = (); "name" = "WeftMateMac"; "packageProductDependencies" = (62D41EF99D9E7E85D43BD0EE,); "productName" = "WeftMateMac"; "productReference" = 260C25BAA3572A541A2E7DBE; "productType" = "com.apple.product-type.application"; };
		4C15DC545FBC09E76709955A = { "isa" = "PBXFileReference"; "explicitFileType" = "wrapper.application"; "includeInIndex" = 0; "path" = "WeftMatePhone.app"; "sourceTree" = "BUILT_PRODUCTS_DIR"; };
		3098010241089BB5E83B7EFE = { "isa" = "PBXBuildFile"; "fileRef" = AC5D4CF06F05DEE9FA8B1868; };
		A5A3E6E5F0458FB992201540 = { "isa" = "PBXBuildFile"; "fileRef" = BE9C9FC0B29768F0FB3806EB; };
		061DC62419DA5CF5D5A2B631 = { "isa" = "PBXBuildFile"; "fileRef" = 0E630962BE508C993E2E148A; };
		FACD9007F41EA731E65112A8 = { "isa" = "PBXBuildFile"; "fileRef" = 99A408A95DB73077B535E783; };
		C86101696DD80C89B912F280 = { "isa" = "PBXBuildFile"; "fileRef" = DA4794C517C4837EA1BA4488; };
		776291475A06E5763176EC5C = { "isa" = "PBXBuildFile"; "fileRef" = 2ED638A35F6FE78B2F4D5D51; };
		E504A82ACD91A135FE61CFD6 = { "isa" = "PBXBuildFile"; "fileRef" = 6B16D6BF5A2A2179ECD4B70B; };
		B411C4465577233A938E1C09 = { "isa" = "PBXBuildFile"; "fileRef" = 03D995F6830F3312390982CE; };
		5DEE850A3C5A2508FFD1A022 = { "isa" = "PBXBuildFile"; "fileRef" = 0E68180554518C45BD53BEDD; };
		6FBDE60F45C4FC7F5BC1B636 = { "isa" = "PBXBuildFile"; "fileRef" = B63C25A676FC50EB34199857; };
		9336CD0F03A8219D82A3F7F4 = { "isa" = "PBXBuildFile"; "fileRef" = B2B0473BC964E2CBF6C12B5B; };
		22BBF1668B0B0D8D57A65E7F = { "isa" = "PBXBuildFile"; "fileRef" = 5B735E6FB46F36C2A94124F3; };
		CB0D9E975DE9BF431D6834EA = { "isa" = "PBXBuildFile"; "fileRef" = 9CD6BFF12F3BC3F204748D53; };
		3540C07B6E4B163DA18F4521 = { "isa" = "PBXBuildFile"; "fileRef" = 3B98248FC06624FF859105F3; };
		2FBE5DE7E11ACC668FD8B207 = { "isa" = "PBXBuildFile"; "fileRef" = D0DD625D0F762BBD07DD5C7C; };
		845F6848F406C5E0597D01AD = { "isa" = "PBXBuildFile"; "fileRef" = 69BD4BB217AF1C7E7E62FDF9; };
		9428807421366E11DE96A5D8 = { "isa" = "PBXBuildFile"; "fileRef" = 3257A05B66A7C10D4F9C5017; };
		91406FF75CC62C5B28CE357F = { "isa" = "PBXBuildFile"; "fileRef" = 6622237BD382BC193E37D2F7; };
		A2148DD4EE02900B8389BB49 = { "isa" = "PBXBuildFile"; "fileRef" = 4A71D8BF88F26972D2C35823; };
		99DD7DDD68680E009C0B9D87 = { "isa" = "PBXBuildFile"; "fileRef" = DF60106D185FC537FB87DCBD; };
		DB3B70FAFF3165A5D4FDC9FC = { "isa" = "PBXBuildFile"; "fileRef" = CB59990A1F4600A41F0D8D6E; };
		8C597216A9BF7E52BA1B9CA0 = { "isa" = "PBXBuildFile"; "fileRef" = BB10CE26244E7ACAE8B3AC21; };
		4D9DAAFCC7AF9279B2B2F671 = { "isa" = "PBXBuildFile"; "fileRef" = E6CC53A309DF344D08FD75F3; };
		DC233C8A307EC71B1D26B56C = { "isa" = "PBXBuildFile"; "fileRef" = A7E7E033E176D9BC1BA4FE71; };
		06B79D9629B50C224AC7ED4A = { "isa" = "PBXBuildFile"; "fileRef" = 52A1522398FF6B22F43B1EE4; };
		EBE00C737885E545857F3A34 = { "isa" = "PBXBuildFile"; "fileRef" = 70DF56958F2BAA0F5CD2426D; };
		0AC06432DF95AB700E2CC9A8 = { "isa" = "PBXBuildFile"; "fileRef" = 7E2DBAE37E2B4FD1D317357F; };
		7C7B1D2935CA6D50C1C9196E = { "isa" = "PBXBuildFile"; "fileRef" = 24BF79E930858609A5EABC4F; };
		918F22B94664F024EB3AE569 = { "isa" = "PBXBuildFile"; "fileRef" = D07B52917A2790B9BEE4577F; };
		66A01EF9AB4A2F862BDB4E06 = { "isa" = "PBXBuildFile"; "fileRef" = E0E94E1332A9736C810768EC; };
		ECC3B035113D42619A32C6A4 = { "isa" = "PBXBuildFile"; "fileRef" = FD9EF512637853F229843C58; };
		3E94D86A37540AEB5A556032 = { "isa" = "PBXBuildFile"; "fileRef" = 0C5E8883E7EAD8F0E50C27AF; };
		CFB1CE18C6FEBAF401504455 = { "isa" = "PBXBuildFile"; "fileRef" = A757C8A7F2C00D9F1C4373F1; };
		7E584877CFBCDC3B82A2E117 = { "isa" = "PBXBuildFile"; "fileRef" = D85DF5FF0B073F14B655E5B7; };
		2E5F1AF8F5D06BE0A668ECEF = { "isa" = "PBXBuildFile"; "fileRef" = 6E61819E242C4419AC3E6617; };
		5B51D4E6DDD7D38002C7450A = { "isa" = "PBXBuildFile"; "fileRef" = 2EC3F953A5DFE85C8F183867; };
		992BE7A4DD1BEF5C38EA6127 = { "isa" = "PBXBuildFile"; "fileRef" = D7CE088775D64BC2DC9A1438; };
		BFEBC930ED71D7B5D8C797B0 = { "isa" = "PBXBuildFile"; "fileRef" = 7C3C51CF03227E1789DAD010; };
		FB4D8BB9BE5AF9395E4C2475 = { "isa" = "PBXBuildFile"; "fileRef" = 7659F6B91B1F94F0D9AE63FA; };
		C5781FD155BAB891CCCF1EEA = { "isa" = "PBXBuildFile"; "fileRef" = 70E65A6F747034E58169B7A9; };
		5563FD629900512D31DAD535 = { "isa" = "PBXBuildFile"; "fileRef" = 7464D5CBF0CCFF4B599777D1; };
		632320AAD226482FC3192278 = { "isa" = "PBXBuildFile"; "fileRef" = E1B7A2A62E28E8802940D3E6; };
		9F2B1C608605F7E30ACF7FD3 = { "isa" = "PBXBuildFile"; "fileRef" = FC159B357D695E9AB571FEBA; };
		96C02A90BB26092A64AB3C3A = { "isa" = "PBXBuildFile"; "fileRef" = 728D56FA0074C963ABC5FA9F; };
		7978941B5CA30BD4E1E73ABB = { "isa" = "PBXBuildFile"; "fileRef" = 027EF7DDFFFD11C0FB4EDA62; };
		E9057CF10EA0E594C3E3F2F6 = { "isa" = "PBXFileReference"; "lastKnownFileType" = "sourcecode.swift"; "path" = "iOS/HealthMetricsView.swift"; "sourceTree" = "SOURCE_ROOT"; };
		D6BEE13F2DDEE0D9FC30C7A0 = { "isa" = "PBXBuildFile"; "fileRef" = E9057CF10EA0E594C3E3F2F6; };
		B354FED3C0872E39C87546AC = { "isa" = "PBXFileReference"; "lastKnownFileType" = "sourcecode.swift"; "path" = "iOS/HealthSettingsModel.swift"; "sourceTree" = "SOURCE_ROOT"; };
		04E77B17EC098AA0D1EEB52A = { "isa" = "PBXBuildFile"; "fileRef" = B354FED3C0872E39C87546AC; };
		6CE4F61F3DD16AE9FBFA4901 = { "isa" = "PBXFileReference"; "lastKnownFileType" = "sourcecode.swift"; "path" = "iOS/HealthSettingsView.swift"; "sourceTree" = "SOURCE_ROOT"; };
		1875D857FD1CFB1106A062FD = { "isa" = "PBXBuildFile"; "fileRef" = 6CE4F61F3DD16AE9FBFA4901; };
		7678D34E2D3F3D7677628D3E = { "isa" = "PBXFileReference"; "lastKnownFileType" = "sourcecode.swift"; "path" = "iOS/PairingScannerView.swift"; "sourceTree" = "SOURCE_ROOT"; };
		98E210C0FA48E4407E75295B = { "isa" = "PBXBuildFile"; "fileRef" = 7678D34E2D3F3D7677628D3E; };
		BC672C9EA460BF6FA71AE5D9 = { "isa" = "PBXFileReference"; "lastKnownFileType" = "sourcecode.swift"; "path" = "iOS/WeftMatePhoneApp.swift"; "sourceTree" = "SOURCE_ROOT"; };
		1ADF9968F7BDF363BB31E531 = { "isa" = "PBXBuildFile"; "fileRef" = BC672C9EA460BF6FA71AE5D9; };
		EC63F18B82A89344DABE2AB9 = { "isa" = "PBXBuildFile"; "fileRef" = 1DFDB8928B9BA0C2F01829F8; };
		D37E12C2B1CA94D58F6D90F9 = { "isa" = "PBXBuildFile"; "fileRef" = DB6B8D97CC0F39943113375F; };
		E10E37EE285C8C151B86DB14 = { "isa" = "PBXBuildFile"; "fileRef" = ABE1447A9A530FD93C2A981B; };
		6EAE60108D9815C54D086E32 = { "isa" = "PBXBuildFile"; "fileRef" = 8BF881B167D1C1EDEC7C5072; };
		934142F40B2A3A2EB9BF6954 = { "isa" = "PBXSourcesBuildPhase"; "buildActionMask" = 2147483647; "files" = (3098010241089BB5E83B7EFE, A5A3E6E5F0458FB992201540, 061DC62419DA5CF5D5A2B631, FACD9007F41EA731E65112A8, C86101696DD80C89B912F280, 776291475A06E5763176EC5C, E504A82ACD91A135FE61CFD6, B411C4465577233A938E1C09, 5DEE850A3C5A2508FFD1A022, 6FBDE60F45C4FC7F5BC1B636, 9336CD0F03A8219D82A3F7F4, 22BBF1668B0B0D8D57A65E7F, CB0D9E975DE9BF431D6834EA, 3540C07B6E4B163DA18F4521, 2FBE5DE7E11ACC668FD8B207, 845F6848F406C5E0597D01AD, 9428807421366E11DE96A5D8, 91406FF75CC62C5B28CE357F, A2148DD4EE02900B8389BB49, 99DD7DDD68680E009C0B9D87, DB3B70FAFF3165A5D4FDC9FC, 8C597216A9BF7E52BA1B9CA0, 4D9DAAFCC7AF9279B2B2F671, DC233C8A307EC71B1D26B56C, 06B79D9629B50C224AC7ED4A, EBE00C737885E545857F3A34, 0AC06432DF95AB700E2CC9A8, 7C7B1D2935CA6D50C1C9196E, 918F22B94664F024EB3AE569, 66A01EF9AB4A2F862BDB4E06, ECC3B035113D42619A32C6A4, 3E94D86A37540AEB5A556032, CFB1CE18C6FEBAF401504455, 7E584877CFBCDC3B82A2E117, 2E5F1AF8F5D06BE0A668ECEF, 5B51D4E6DDD7D38002C7450A, 992BE7A4DD1BEF5C38EA6127, BFEBC930ED71D7B5D8C797B0, FB4D8BB9BE5AF9395E4C2475, C5781FD155BAB891CCCF1EEA, 5563FD629900512D31DAD535, 632320AAD226482FC3192278, 9F2B1C608605F7E30ACF7FD3, 96C02A90BB26092A64AB3C3A, 7978941B5CA30BD4E1E73ABB, D6BEE13F2DDEE0D9FC30C7A0, 04E77B17EC098AA0D1EEB52A, 1875D857FD1CFB1106A062FD, 98E210C0FA48E4407E75295B, 1ADF9968F7BDF363BB31E531, EC63F18B82A89344DABE2AB9, D37E12C2B1CA94D58F6D90F9, E10E37EE285C8C151B86DB14, 6EAE60108D9815C54D086E32,); "runOnlyForDeploymentPostprocessing" = 0; };
		A5D49BC174232DB80C891B33 = { "isa" = "XCSwiftPackageProductDependency"; "package" = BC4A71180870F7945155FBB0; "productName" = "WeftMateCore"; };
		C581E4094EE6B324A1AD8A66 = { "isa" = "PBXBuildFile"; "productRef" = A5D49BC174232DB80C891B33; };
		5C4025F29291C5C1A32EC5DC = { "isa" = "PBXFrameworksBuildPhase"; "buildActionMask" = 2147483647; "files" = (C581E4094EE6B324A1AD8A66,); "runOnlyForDeploymentPostprocessing" = 0; };
		F519AD298CB90FEC9AF1801B = { "isa" = "PBXBuildFile"; "fileRef" = 887C6EAA9D5A44119004139A; };
		52436AEF7B8A1E4CC6336DB5 = { "isa" = "PBXBuildFile"; "fileRef" = C930E2E03BCB1CD1829BA52B; };
		C74328C69896FFBAFF1532C3 = { "isa" = "PBXFileReference"; "lastKnownFileType" = "folder.assetcatalog"; "path" = "Resources/PhoneIcons.xcassets"; "sourceTree" = "SOURCE_ROOT"; };
		9115C3AE2D17C1A73ED64923 = { "isa" = "PBXBuildFile"; "fileRef" = C74328C69896FFBAFF1532C3; };
		99E74C0FA03D34F3F75D1753 = { "isa" = "PBXBuildFile"; "fileRef" = 33D4E140C877701AA545B0A9; };
		2689BB57FF04C7D85F47EDBC = { "isa" = "PBXBuildFile"; "fileRef" = 993F1148244B87F1DFA8FADA; };
		85D63868D1B27B3028F817A6 = { "isa" = "PBXResourcesBuildPhase"; "buildActionMask" = 2147483647; "files" = (F519AD298CB90FEC9AF1801B, 52436AEF7B8A1E4CC6336DB5, 9115C3AE2D17C1A73ED64923, 99E74C0FA03D34F3F75D1753, 2689BB57FF04C7D85F47EDBC,); "runOnlyForDeploymentPostprocessing" = 0; };
		BCFBDC00F53C847BE5EE09FE = { "isa" = "PBXBuildFile"; "fileRef" = BA442FB4F23467D83E780758; "settings" = { "ATTRIBUTES" = ("RemoveHeadersOnCopy",); }; };
		C7C67A095FF2AE4B7E9699A1 = { "isa" = "PBXCopyFilesBuildPhase"; "buildActionMask" = 2147483647; "dstPath" = "$(CONTENTS_FOLDER_PATH)/Watch"; "dstSubfolderSpec" = 16; "files" = (BCFBDC00F53C847BE5EE09FE,); "name" = "Embed Watch Content"; "runOnlyForDeploymentPostprocessing" = 0; };
		F1A37A301C3DCB06553FEB53 = { "isa" = "PBXContainerItemProxy"; "containerPortal" = 244210E48437B6556980A702; "proxyType" = 1; "remoteGlobalIDString" = 585DAF2CC644D67CD78B5981; "remoteInfo" = "WeftMateWatch"; };
		0878DD2F65A4C7D5F896B798 = { "isa" = "PBXTargetDependency"; "target" = 585DAF2CC644D67CD78B5981; "targetProxy" = F1A37A301C3DCB06553FEB53; };
		99FDFC814BD7A1A169CDA776 = { "isa" = "XCBuildConfiguration"; "buildSettings" = { "PRODUCT_NAME" = "$(TARGET_NAME)"; "PRODUCT_BUNDLE_IDENTIFIER" = "com.weftmate.apple.weftmatephone"; "SDKROOT" = "iphoneos"; "ASSETCATALOG_COMPILER_APPICON_NAME" = "AppIcon"; "INFOPLIST_FILE" = "Config/SimulatorTestInfo.plist"; "IPHONEOS_DEPLOYMENT_TARGET" = "17.0"; "SUPPORTED_PLATFORMS" = "iphoneos iphonesimulator"; "TARGETED_DEVICE_FAMILY" = "1,2"; "SUPPORTS_MACCATALYST" = "NO"; "INFOPLIST_KEY_UILaunchScreen_Generation" = "YES"; "INFOPLIST_KEY_UIApplicationSceneManifest_Generation" = "YES"; "INFOPLIST_KEY_UIApplicationSupportsIndirectInputEvents" = "YES"; "INFOPLIST_KEY_NSCameraUsageDescription" = "扫描你电脑上的一次性配对二维码，授权这台 iPhone 访问你的 WeftMate 对话。"; "INFOPLIST_KEY_NSLocalNetworkUsageDescription" = "WeftMate 连接你选择的个人服务器，以便同步账户和会话。"; "CODE_SIGN_ENTITLEMENTS" = "Config/WeftMateHealth.entitlements"; "INFOPLIST_KEY_NSHealthShareUsageDescription" = "WeftMate 只读取你选择的健康项目，在设备上汇总每日摘要，用于个人陪伴。"; "SWIFT_OPTIMIZATION_LEVEL" = "-Onone"; "DEBUG_INFORMATION_FORMAT" = "dwarf"; "SWIFT_ACTIVE_COMPILATION_CONDITIONS" = "$(inherited) DEBUG"; "ENABLE_TESTABILITY" = "YES"; "ONLY_ACTIVE_ARCH" = "YES"; "INFOPLIST_KEY_NSHealthUpdateUsageDescription" = "仅在隔离模拟器 XCTest 中写入合成样本，日用功能不写健康数据。"; }; "name" = "Debug"; "baseConfigurationReference" = 8E0205CD89BF271E3726B26F; };
		789CB2BE9E281CDF7197F871 = { "isa" = "XCBuildConfiguration"; "buildSettings" = { "PRODUCT_NAME" = "$(TARGET_NAME)"; "PRODUCT_BUNDLE_IDENTIFIER" = "com.weftmate.apple.weftmatephone"; "SDKROOT" = "iphoneos"; "ASSETCATALOG_COMPILER_APPICON_NAME" = "AppIcon"; "INFOPLIST_FILE" = "Config/NativeInfo.plist"; "IPHONEOS_DEPLOYMENT_TARGET" = "17.0"; "SUPPORTED_PLATFORMS" = "iphoneos iphonesimulator"; "TARGETED_DEVICE_FAMILY" = "1,2"; "SUPPORTS_MACCATALYST" = "NO"; "INFOPLIST_KEY_UILaunchScreen_Generation" = "YES"; "INFOPLIST_KEY_UIApplicationSceneManifest_Generation" = "YES"; "INFOPLIST_KEY_UIApplicationSupportsIndirectInputEvents" = "YES"; "INFOPLIST_KEY_NSCameraUsageDescription" = "扫描你电脑上的一次性配对二维码，授权这台 iPhone 访问你的 WeftMate 对话。"; "INFOPLIST_KEY_NSLocalNetworkUsageDescription" = "WeftMate 连接你选择的个人服务器，以便同步账户和会话。"; "CODE_SIGN_ENTITLEMENTS" = "Config/WeftMateHealth.entitlements"; "INFOPLIST_KEY_NSHealthShareUsageDescription" = "WeftMate 只读取你选择的健康项目，在设备上汇总每日摘要，用于个人陪伴。"; "SWIFT_OPTIMIZATION_LEVEL" = "-O"; "DEBUG_INFORMATION_FORMAT" = "dwarf-with-dsym"; "ONLY_ACTIVE_ARCH" = "NO"; }; "name" = "Release"; "baseConfigurationReference" = 8E0205CD89BF271E3726B26F; };
		9DEBDE21B4D1C3221F9F93E2 = { "isa" = "XCConfigurationList"; "buildConfigurations" = (99FDFC814BD7A1A169CDA776, 789CB2BE9E281CDF7197F871,); "defaultConfigurationIsVisible" = 0; "defaultConfigurationName" = "Release"; };
		42CA4A840094E0CF190E72BB = { "isa" = "PBXNativeTarget"; "buildConfigurationList" = 9DEBDE21B4D1C3221F9F93E2; "buildPhases" = (934142F40B2A3A2EB9BF6954, 5C4025F29291C5C1A32EC5DC, 85D63868D1B27B3028F817A6, C7C67A095FF2AE4B7E9699A1,); "buildRules" = (); "dependencies" = (0878DD2F65A4C7D5F896B798,); "name" = "WeftMatePhone"; "packageProductDependencies" = (A5D49BC174232DB80C891B33,); "productName" = "WeftMatePhone"; "productReference" = 4C15DC545FBC09E76709955A; "productType" = "com.apple.product-type.application"; };
		EB84F9CF989E1A6162A6CF4F = { "isa" = "PBXFileReference"; "explicitFileType" = "wrapper.cfbundle"; "includeInIndex" = 0; "path" = "WeftMateMacUITests.xctest"; "sourceTree" = "BUILT_PRODUCTS_DIR"; };
		CFCF4280E527504D7B5706F4 = { "isa" = "PBXFileReference"; "lastKnownFileType" = "sourcecode.swift"; "path" = "Tests/UPD2UITests.swift"; "sourceTree" = "SOURCE_ROOT"; };
		DC3CB4B3A7A6F263741A72CC = { "isa" = "PBXBuildFile"; "fileRef" = CFCF4280E527504D7B5706F4; };
		986DA3FCBD15EAB4F56E0C1E = { "isa" = "PBXFileReference"; "lastKnownFileType" = "sourcecode.swift"; "path" = "Tests/WeftMateUITests.swift"; "sourceTree" = "SOURCE_ROOT"; };
		AF86619B8E5DC8F280031A74 = { "isa" = "PBXBuildFile"; "fileRef" = 986DA3FCBD15EAB4F56E0C1E; };
		021FE30DE5EBE29A040BF346 = { "isa" = "PBXFileReference"; "lastKnownFileType" = "sourcecode.swift"; "path" = "Tests/A4aApprovalUITests.swift"; "sourceTree" = "SOURCE_ROOT"; };
		7BFB808958AA4C0F1D718B9E = { "isa" = "PBXBuildFile"; "fileRef" = 021FE30DE5EBE29A040BF346; };
		242CA1B4527B4E1C63EB4168 = { "isa" = "PBXFileReference"; "lastKnownFileType" = "sourcecode.swift"; "path" = "Tests/A4bResourcesUITests.swift"; "sourceTree" = "SOURCE_ROOT"; };
		BA81C360ECD1DFC7F9A79FF0 = { "isa" = "PBXBuildFile"; "fileRef" = 242CA1B4527B4E1C63EB4168; };
		0B998ADDCC75EFA2D0F80137 = { "isa" = "PBXSourcesBuildPhase"; "buildActionMask" = 2147483647; "files" = (DC3CB4B3A7A6F263741A72CC, AF86619B8E5DC8F280031A74, 7BFB808958AA4C0F1D718B9E, BA81C360ECD1DFC7F9A79FF0,); "runOnlyForDeploymentPostprocessing" = 0; };
		5FDF2043CFDBA2093E2587B8 = { "isa" = "PBXFrameworksBuildPhase"; "buildActionMask" = 2147483647; "files" = (); "runOnlyForDeploymentPostprocessing" = 0; };
		82BE87C8BE7DB3944BE04778 = { "isa" = "PBXResourcesBuildPhase"; "buildActionMask" = 2147483647; "files" = (); "runOnlyForDeploymentPostprocessing" = 0; };
		0A6CA5CBC5E8579EC6E51252 = { "isa" = "PBXContainerItemProxy"; "containerPortal" = 244210E48437B6556980A702; "proxyType" = 1; "remoteGlobalIDString" = D1478B2C381431E2E99AD726; "remoteInfo" = "WeftMateMac"; };
		CD77AFF5B1B5976657212D71 = { "isa" = "PBXTargetDependency"; "target" = D1478B2C381431E2E99AD726; "targetProxy" = 0A6CA5CBC5E8579EC6E51252; };
		59AC16B0E9878692296ABEC9 = { "isa" = "XCBuildConfiguration"; "buildSettings" = { "PRODUCT_NAME" = "$(TARGET_NAME)"; "PRODUCT_BUNDLE_IDENTIFIER" = "com.weftmate.apple.weftmatemacuitests"; "SDKROOT" = "macosx"; "MACOSX_DEPLOYMENT_TARGET" = "14.0"; "SUPPORTED_PLATFORMS" = "macosx"; "COMBINE_HIDPI_IMAGES" = "YES"; "TEST_TARGET_NAME" = "WeftMateMac"; "INFOPLIST_KEY_CFBundleDisplayName" = "WeftMateMacUITests"; "SWIFT_OPTIMIZATION_LEVEL" = "-Onone"; "DEBUG_INFORMATION_FORMAT" = "dwarf"; "SWIFT_ACTIVE_COMPILATION_CONDITIONS" = "$(inherited) DEBUG"; "ENABLE_TESTABILITY" = "YES"; "ONLY_ACTIVE_ARCH" = "YES"; }; "name" = "Debug"; "baseConfigurationReference" = 8E0205CD89BF271E3726B26F; };
		AC3182182D5033FA63FB51D0 = { "isa" = "XCBuildConfiguration"; "buildSettings" = { "PRODUCT_NAME" = "$(TARGET_NAME)"; "PRODUCT_BUNDLE_IDENTIFIER" = "com.weftmate.apple.weftmatemacuitests"; "SDKROOT" = "macosx"; "MACOSX_DEPLOYMENT_TARGET" = "14.0"; "SUPPORTED_PLATFORMS" = "macosx"; "COMBINE_HIDPI_IMAGES" = "YES"; "TEST_TARGET_NAME" = "WeftMateMac"; "INFOPLIST_KEY_CFBundleDisplayName" = "WeftMateMacUITests"; "SWIFT_OPTIMIZATION_LEVEL" = "-O"; "DEBUG_INFORMATION_FORMAT" = "dwarf-with-dsym"; "ONLY_ACTIVE_ARCH" = "NO"; }; "name" = "Release"; "baseConfigurationReference" = 8E0205CD89BF271E3726B26F; };
		9D14B9AEF3376C50A4F5DA5E = { "isa" = "XCConfigurationList"; "buildConfigurations" = (59AC16B0E9878692296ABEC9, AC3182182D5033FA63FB51D0,); "defaultConfigurationIsVisible" = 0; "defaultConfigurationName" = "Release"; };
		5B6631F2E2B9F296129C13BF = { "isa" = "PBXNativeTarget"; "buildConfigurationList" = 9D14B9AEF3376C50A4F5DA5E; "buildPhases" = (0B998ADDCC75EFA2D0F80137, 5FDF2043CFDBA2093E2587B8, 82BE87C8BE7DB3944BE04778,); "buildRules" = (); "dependencies" = (CD77AFF5B1B5976657212D71,); "name" = "WeftMateMacUITests"; "packageProductDependencies" = (); "productName" = "WeftMateMacUITests"; "productReference" = EB84F9CF989E1A6162A6CF4F; "productType" = "com.apple.product-type.bundle.ui-testing"; };
		C0A08B551EC0B60C68C80573 = { "isa" = "PBXFileReference"; "explicitFileType" = "wrapper.cfbundle"; "includeInIndex" = 0; "path" = "WeftMatePhoneUITests.xctest"; "sourceTree" = "BUILT_PRODUCTS_DIR"; };
		691D28ED1D8207AEFA5760E3 = { "isa" = "PBXFileReference"; "lastKnownFileType" = "sourcecode.swift"; "path" = "Tests/A11ProjectsUITests.swift"; "sourceTree" = "SOURCE_ROOT"; };
		9B0478180F63645E809F2518 = { "isa" = "PBXBuildFile"; "fileRef" = 691D28ED1D8207AEFA5760E3; };
		80AE0C552370095DCEBB259C = { "isa" = "PBXFileReference"; "lastKnownFileType" = "sourcecode.swift"; "path" = "Tests/A9PolishUITests.swift"; "sourceTree" = "SOURCE_ROOT"; };
		B5EDC99E3F917C49871B8ACA = { "isa" = "PBXBuildFile"; "fileRef" = 80AE0C552370095DCEBB259C; };
		320823A2A64D67B71F109C91 = { "isa" = "PBXFileReference"; "lastKnownFileType" = "sourcecode.swift"; "path" = "Tests/A8ConversationFlowUITests.swift"; "sourceTree" = "SOURCE_ROOT"; };
		1B98FC8EAF6553EEE7CB6CD2 = { "isa" = "PBXBuildFile"; "fileRef" = 320823A2A64D67B71F109C91; };
		3D48E661B2F75D1F1C8240F9 = { "isa" = "PBXBuildFile"; "fileRef" = CFCF4280E527504D7B5706F4; };
		9464CD0AE9EF7E87BCDA0FE0 = { "isa" = "PBXFileReference"; "lastKnownFileType" = "sourcecode.swift"; "path" = "Tests/A7SessionMenuUITests.swift"; "sourceTree" = "SOURCE_ROOT"; };
		8146FAAF8B3E00E06D0F6F90 = { "isa" = "PBXBuildFile"; "fileRef" = 9464CD0AE9EF7E87BCDA0FE0; };
		70F37459EA5AFF83CEF20165 = { "isa" = "PBXFileReference"; "lastKnownFileType" = "sourcecode.swift"; "path" = "Tests/A6SettingsUITests.swift"; "sourceTree" = "SOURCE_ROOT"; };
		C159F9DB954AA76180105CB2 = { "isa" = "PBXBuildFile"; "fileRef" = 70F37459EA5AFF83CEF20165; };
		DB02EF5AA674A7EDA1EC6B18 = { "isa" = "PBXFileReference"; "lastKnownFileType" = "sourcecode.swift"; "path" = "Tests/A5ParityUITests.swift"; "sourceTree" = "SOURCE_ROOT"; };
		509E077629F87C4C5DEBF168 = { "isa" = "PBXBuildFile"; "fileRef" = DB02EF5AA674A7EDA1EC6B18; };
		7F31E6875A79B2AC7CDE3A35 = { "isa" = "PBXFileReference"; "lastKnownFileType" = "sourcecode.swift"; "path" = "Tests/LG2AccountUITests.swift"; "sourceTree" = "SOURCE_ROOT"; };
		D90D5DBAB6FB280895BD278A = { "isa" = "PBXBuildFile"; "fileRef" = 7F31E6875A79B2AC7CDE3A35; };
		794EC53F0869CB928D179482 = { "isa" = "PBXBuildFile"; "fileRef" = 986DA3FCBD15EAB4F56E0C1E; };
		DC9F7CEA6F2095274C078ECD = { "isa" = "PBXFileReference"; "lastKnownFileType" = "sourcecode.swift"; "path" = "Tests/IC2IconsUITests.swift"; "sourceTree" = "SOURCE_ROOT"; };
		2501A2684A5C39B189586D0B = { "isa" = "PBXBuildFile"; "fileRef" = DC9F7CEA6F2095274C078ECD; };
		C13A2324978AE961286F58E1 = { "isa" = "PBXFileReference"; "lastKnownFileType" = "sourcecode.swift"; "path" = "Tests/A4cAppearanceUITests.swift"; "sourceTree" = "SOURCE_ROOT"; };
		71D56D3F24DDDE30DB2E15EE = { "isa" = "PBXBuildFile"; "fileRef" = C13A2324978AE961286F58E1; };
		BBC514C33FB761DC17DABA6D = { "isa" = "PBXFileReference"; "lastKnownFileType" = "sourcecode.swift"; "path" = "Tests/A3TimelineUITests.swift"; "sourceTree" = "SOURCE_ROOT"; };
		95A7DEFC481916FF74FEB56B = { "isa" = "PBXBuildFile"; "fileRef" = BBC514C33FB761DC17DABA6D; };
		39B9A0F98DC2502EAAB4A883 = { "isa" = "PBXFileReference"; "lastKnownFileType" = "sourcecode.swift"; "path" = "Tests/S1cCloudUITests.swift"; "sourceTree" = "SOURCE_ROOT"; };
		8F505A18C2DE1073A410B94B = { "isa" = "PBXBuildFile"; "fileRef" = 39B9A0F98DC2502EAAB4A883; };
		CD16460B596B7C2F6AB8813F = { "isa" = "PBXBuildFile"; "fileRef" = 021FE30DE5EBE29A040BF346; };
		CA0F87C7A3732B68A7D0BC71 = { "isa" = "PBXBuildFile"; "fileRef" = 242CA1B4527B4E1C63EB4168; };
		FBB9B546AA83653260ADB1DE = { "isa" = "PBXSourcesBuildPhase"; "buildActionMask" = 2147483647; "files" = (9B0478180F63645E809F2518, B5EDC99E3F917C49871B8ACA, 1B98FC8EAF6553EEE7CB6CD2, 3D48E661B2F75D1F1C8240F9, 8146FAAF8B3E00E06D0F6F90, C159F9DB954AA76180105CB2, 509E077629F87C4C5DEBF168, D90D5DBAB6FB280895BD278A, 794EC53F0869CB928D179482, 2501A2684A5C39B189586D0B, 71D56D3F24DDDE30DB2E15EE, 95A7DEFC481916FF74FEB56B, 8F505A18C2DE1073A410B94B, CD16460B596B7C2F6AB8813F, CA0F87C7A3732B68A7D0BC71,); "runOnlyForDeploymentPostprocessing" = 0; };
		19039A617C43CF2C5A00D31D = { "isa" = "PBXFrameworksBuildPhase"; "buildActionMask" = 2147483647; "files" = (); "runOnlyForDeploymentPostprocessing" = 0; };
		914626CBC7C23C5647325DD7 = { "isa" = "PBXResourcesBuildPhase"; "buildActionMask" = 2147483647; "files" = (); "runOnlyForDeploymentPostprocessing" = 0; };
		300F5BEA5D71D7E3160803BF = { "isa" = "PBXContainerItemProxy"; "containerPortal" = 244210E48437B6556980A702; "proxyType" = 1; "remoteGlobalIDString" = 42CA4A840094E0CF190E72BB; "remoteInfo" = "WeftMatePhone"; };
		880C36BDCF788A93BA91C6DD = { "isa" = "PBXTargetDependency"; "target" = 42CA4A840094E0CF190E72BB; "targetProxy" = 300F5BEA5D71D7E3160803BF; };
		2394F266C2C3C90481C1090B = { "isa" = "XCBuildConfiguration"; "buildSettings" = { "PRODUCT_NAME" = "$(TARGET_NAME)"; "PRODUCT_BUNDLE_IDENTIFIER" = "com.weftmate.apple.weftmatephoneuitests"; "SDKROOT" = "iphoneos"; "IPHONEOS_DEPLOYMENT_TARGET" = "17.0"; "SUPPORTED_PLATFORMS" = "iphoneos iphonesimulator"; "TARGETED_DEVICE_FAMILY" = "1,2"; "SUPPORTS_MACCATALYST" = "NO"; "INFOPLIST_KEY_UILaunchScreen_Generation" = "YES"; "INFOPLIST_KEY_UIApplicationSceneManifest_Generation" = "YES"; "INFOPLIST_KEY_UIApplicationSupportsIndirectInputEvents" = "YES"; "TEST_TARGET_NAME" = "WeftMatePhone"; "INFOPLIST_KEY_CFBundleDisplayName" = "WeftMatePhoneUITests"; "SWIFT_OPTIMIZATION_LEVEL" = "-Onone"; "DEBUG_INFORMATION_FORMAT" = "dwarf"; "SWIFT_ACTIVE_COMPILATION_CONDITIONS" = "$(inherited) DEBUG"; "ENABLE_TESTABILITY" = "YES"; "ONLY_ACTIVE_ARCH" = "YES"; }; "name" = "Debug"; "baseConfigurationReference" = 8E0205CD89BF271E3726B26F; };
		573315C85D1D3646909F0AE1 = { "isa" = "XCBuildConfiguration"; "buildSettings" = { "PRODUCT_NAME" = "$(TARGET_NAME)"; "PRODUCT_BUNDLE_IDENTIFIER" = "com.weftmate.apple.weftmatephoneuitests"; "SDKROOT" = "iphoneos"; "IPHONEOS_DEPLOYMENT_TARGET" = "17.0"; "SUPPORTED_PLATFORMS" = "iphoneos iphonesimulator"; "TARGETED_DEVICE_FAMILY" = "1,2"; "SUPPORTS_MACCATALYST" = "NO"; "INFOPLIST_KEY_UILaunchScreen_Generation" = "YES"; "INFOPLIST_KEY_UIApplicationSceneManifest_Generation" = "YES"; "INFOPLIST_KEY_UIApplicationSupportsIndirectInputEvents" = "YES"; "TEST_TARGET_NAME" = "WeftMatePhone"; "INFOPLIST_KEY_CFBundleDisplayName" = "WeftMatePhoneUITests"; "SWIFT_OPTIMIZATION_LEVEL" = "-O"; "DEBUG_INFORMATION_FORMAT" = "dwarf-with-dsym"; "ONLY_ACTIVE_ARCH" = "NO"; }; "name" = "Release"; "baseConfigurationReference" = 8E0205CD89BF271E3726B26F; };
		BD04C37355D511E49B295983 = { "isa" = "XCConfigurationList"; "buildConfigurations" = (2394F266C2C3C90481C1090B, 573315C85D1D3646909F0AE1,); "defaultConfigurationIsVisible" = 0; "defaultConfigurationName" = "Release"; };
		6C968EC06678881252535CE5 = { "isa" = "PBXNativeTarget"; "buildConfigurationList" = BD04C37355D511E49B295983; "buildPhases" = (FBB9B546AA83653260ADB1DE, 19039A617C43CF2C5A00D31D, 914626CBC7C23C5647325DD7,); "buildRules" = (); "dependencies" = (880C36BDCF788A93BA91C6DD,); "name" = "WeftMatePhoneUITests"; "packageProductDependencies" = (); "productName" = "WeftMatePhoneUITests"; "productReference" = C0A08B551EC0B60C68C80573; "productType" = "com.apple.product-type.bundle.ui-testing"; };
		93BF68462970DDC29453A601 = { "isa" = "PBXFileReference"; "explicitFileType" = "wrapper.cfbundle"; "includeInIndex" = 0; "path" = "WeftMateWatchUITests.xctest"; "sourceTree" = "BUILT_PRODUCTS_DIR"; };
		6C1F7E2F91B43A3E45A20D54 = { "isa" = "PBXFileReference"; "lastKnownFileType" = "sourcecode.swift"; "path" = "Tests/IC2WatchIconsUITests.swift"; "sourceTree" = "SOURCE_ROOT"; };
		A7C092E273271FA3A8D47BF1 = { "isa" = "PBXBuildFile"; "fileRef" = 6C1F7E2F91B43A3E45A20D54; };
		59396AF1989F694AF2850FAA = { "isa" = "PBXFileReference"; "lastKnownFileType" = "sourcecode.swift"; "path" = "Tests/A12WatchLiveUITests.swift"; "sourceTree" = "SOURCE_ROOT"; };
		F7D0CF15F31EF4E4E588A5A4 = { "isa" = "PBXBuildFile"; "fileRef" = 59396AF1989F694AF2850FAA; };
		9E7705062A4E616B70085B72 = { "isa" = "PBXSourcesBuildPhase"; "buildActionMask" = 2147483647; "files" = (A7C092E273271FA3A8D47BF1, F7D0CF15F31EF4E4E588A5A4,); "runOnlyForDeploymentPostprocessing" = 0; };
		E8BAFE1990A990629653F443 = { "isa" = "PBXFrameworksBuildPhase"; "buildActionMask" = 2147483647; "files" = (); "runOnlyForDeploymentPostprocessing" = 0; };
		254FC5704B6126BE39800990 = { "isa" = "PBXResourcesBuildPhase"; "buildActionMask" = 2147483647; "files" = (); "runOnlyForDeploymentPostprocessing" = 0; };
		AADD90F3B21EF14343DA0137 = { "isa" = "PBXContainerItemProxy"; "containerPortal" = 244210E48437B6556980A702; "proxyType" = 1; "remoteGlobalIDString" = 585DAF2CC644D67CD78B5981; "remoteInfo" = "WeftMateWatch"; };
		43128F3AA61F1BDE583BE59B = { "isa" = "PBXTargetDependency"; "target" = 585DAF2CC644D67CD78B5981; "targetProxy" = AADD90F3B21EF14343DA0137; };
		B07CF9B0DED9ED6591B2A773 = { "isa" = "XCBuildConfiguration"; "buildSettings" = { "PRODUCT_NAME" = "$(TARGET_NAME)"; "PRODUCT_BUNDLE_IDENTIFIER" = "com.weftmate.apple.weftmatewatchuitests"; "SDKROOT" = "watchos"; "WATCHOS_DEPLOYMENT_TARGET" = "10.0"; "SUPPORTED_PLATFORMS" = "watchos watchsimulator"; "TARGETED_DEVICE_FAMILY" = "4"; "SKIP_INSTALL" = "YES"; "TEST_TARGET_NAME" = "WeftMateWatch"; "INFOPLIST_KEY_CFBundleDisplayName" = "WeftMateWatchUITests"; "SWIFT_OPTIMIZATION_LEVEL" = "-Onone"; "DEBUG_INFORMATION_FORMAT" = "dwarf"; "SWIFT_ACTIVE_COMPILATION_CONDITIONS" = "$(inherited) DEBUG"; "ENABLE_TESTABILITY" = "YES"; "ONLY_ACTIVE_ARCH" = "YES"; }; "name" = "Debug"; "baseConfigurationReference" = 8E0205CD89BF271E3726B26F; };
		F1B8F50C6B20215E7F5B2578 = { "isa" = "XCBuildConfiguration"; "buildSettings" = { "PRODUCT_NAME" = "$(TARGET_NAME)"; "PRODUCT_BUNDLE_IDENTIFIER" = "com.weftmate.apple.weftmatewatchuitests"; "SDKROOT" = "watchos"; "WATCHOS_DEPLOYMENT_TARGET" = "10.0"; "SUPPORTED_PLATFORMS" = "watchos watchsimulator"; "TARGETED_DEVICE_FAMILY" = "4"; "SKIP_INSTALL" = "YES"; "TEST_TARGET_NAME" = "WeftMateWatch"; "INFOPLIST_KEY_CFBundleDisplayName" = "WeftMateWatchUITests"; "SWIFT_OPTIMIZATION_LEVEL" = "-O"; "DEBUG_INFORMATION_FORMAT" = "dwarf-with-dsym"; "ONLY_ACTIVE_ARCH" = "NO"; }; "name" = "Release"; "baseConfigurationReference" = 8E0205CD89BF271E3726B26F; };
		3CC9B76F8C71184B7FF7B91A = { "isa" = "XCConfigurationList"; "buildConfigurations" = (B07CF9B0DED9ED6591B2A773, F1B8F50C6B20215E7F5B2578,); "defaultConfigurationIsVisible" = 0; "defaultConfigurationName" = "Release"; };
		A08E9F7BFA3D565E96223A01 = { "isa" = "PBXNativeTarget"; "buildConfigurationList" = 3CC9B76F8C71184B7FF7B91A; "buildPhases" = (9E7705062A4E616B70085B72, E8BAFE1990A990629653F443, 254FC5704B6126BE39800990,); "buildRules" = (); "dependencies" = (43128F3AA61F1BDE583BE59B,); "name" = "WeftMateWatchUITests"; "packageProductDependencies" = (); "productName" = "WeftMateWatchUITests"; "productReference" = 93BF68462970DDC29453A601; "productType" = "com.apple.product-type.bundle.ui-testing"; };
		0A3E27B8CA818264D75C8D81 = { "isa" = "PBXGroup"; "children" = (BA442FB4F23467D83E780758, 260C25BAA3572A541A2E7DBE, 4C15DC545FBC09E76709955A, EB84F9CF989E1A6162A6CF4F, C0A08B551EC0B60C68C80573, 93BF68462970DDC29453A601,); "name" = "Products"; "sourceTree" = "<group>"; };
		AD936FCBED631FA67E05C3EA = { "isa" = "PBXGroup"; "children" = (8E0205CD89BF271E3726B26F, 166275AED4E19345E94E3BA4, A0F3B6E4ADA8FCFD3A78ED22, FB598E27661C239DDEF5CF2A, 728D56FA0074C963ABC5FA9F, 8BF881B167D1C1EDEC7C5072, 887C6EAA9D5A44119004139A, C930E2E03BCB1CD1829BA52B, 7A121B6341CB416069980B57, AC5D4CF06F05DEE9FA8B1868, BE9C9FC0B29768F0FB3806EB, 0E630962BE508C993E2E148A, 99A408A95DB73077B535E783, DA4794C517C4837EA1BA4488, 2ED638A35F6FE78B2F4D5D51, 6B16D6BF5A2A2179ECD4B70B, 03D995F6830F3312390982CE, 0E68180554518C45BD53BEDD, B63C25A676FC50EB34199857, B2B0473BC964E2CBF6C12B5B, 5B735E6FB46F36C2A94124F3, 9CD6BFF12F3BC3F204748D53, 3B98248FC06624FF859105F3, D0DD625D0F762BBD07DD5C7C, 69BD4BB217AF1C7E7E62FDF9, 3257A05B66A7C10D4F9C5017, 6622237BD382BC193E37D2F7, 4A71D8BF88F26972D2C35823, DF60106D185FC537FB87DCBD, CB59990A1F4600A41F0D8D6E, BB10CE26244E7ACAE8B3AC21, E6CC53A309DF344D08FD75F3, A7E7E033E176D9BC1BA4FE71, 52A1522398FF6B22F43B1EE4, 70DF56958F2BAA0F5CD2426D, 7E2DBAE37E2B4FD1D317357F, 24BF79E930858609A5EABC4F, D07B52917A2790B9BEE4577F, E0E94E1332A9736C810768EC, FD9EF512637853F229843C58, 0C5E8883E7EAD8F0E50C27AF, A757C8A7F2C00D9F1C4373F1, D85DF5FF0B073F14B655E5B7, 6E61819E242C4419AC3E6617, 2EC3F953A5DFE85C8F183867, D7CE088775D64BC2DC9A1438, 7C3C51CF03227E1789DAD010, 7659F6B91B1F94F0D9AE63FA, 70E65A6F747034E58169B7A9, 7464D5CBF0CCFF4B599777D1, E1B7A2A62E28E8802940D3E6, FC159B357D695E9AB571FEBA, 027EF7DDFFFD11C0FB4EDA62, BC35503F2A4155D700D82A3C, F2B2C3204911EF6712DB4747, 4A09D2A8DBB857397F5B4C67, EAFFC9A21F38762D89B61EBA, 56AD09BDAC80090BAFA6DCD1, 1DFDB8928B9BA0C2F01829F8, DB6B8D97CC0F39943113375F, ABE1447A9A530FD93C2A981B, F7429D08592FA2D4DFE6E62E, 33D4E140C877701AA545B0A9, 993F1148244B87F1DFA8FADA, E9057CF10EA0E594C3E3F2F6, B354FED3C0872E39C87546AC, 6CE4F61F3DD16AE9FBFA4901, 7678D34E2D3F3D7677628D3E, BC672C9EA460BF6FA71AE5D9, C74328C69896FFBAFF1532C3, CFCF4280E527504D7B5706F4, 986DA3FCBD15EAB4F56E0C1E, 021FE30DE5EBE29A040BF346, 242CA1B4527B4E1C63EB4168, 691D28ED1D8207AEFA5760E3, 80AE0C552370095DCEBB259C, 320823A2A64D67B71F109C91, 9464CD0AE9EF7E87BCDA0FE0, 70F37459EA5AFF83CEF20165, DB02EF5AA674A7EDA1EC6B18, 7F31E6875A79B2AC7CDE3A35, DC9F7CEA6F2095274C078ECD, C13A2324978AE961286F58E1, BBC514C33FB761DC17DABA6D, 39B9A0F98DC2502EAAB4A883, 6C1F7E2F91B43A3E45A20D54, 59396AF1989F694AF2850FAA, 0A3E27B8CA818264D75C8D81,); "sourceTree" = "<group>"; };
		14CA4F15A175777FB2150B99 = { "isa" = "XCBuildConfiguration"; "buildSettings" = { "CLANG_WARN_DOCUMENTATION_COMMENTS" = "YES"; "CLANG_WARN_UNGUARDED_AVAILABILITY" = "YES_AGGRESSIVE"; "SWIFT_VERSION" = "6.0"; "SWIFT_OPTIMIZATION_LEVEL" = "-Onone"; "DEBUG_INFORMATION_FORMAT" = "dwarf"; "SWIFT_ACTIVE_COMPILATION_CONDITIONS" = "$(inherited) DEBUG"; "ENABLE_TESTABILITY" = "YES"; "ONLY_ACTIVE_ARCH" = "YES"; }; "name" = "Debug"; };
		F3DF75063428B201782532C1 = { "isa" = "XCBuildConfiguration"; "buildSettings" = { "CLANG_WARN_DOCUMENTATION_COMMENTS" = "YES"; "CLANG_WARN_UNGUARDED_AVAILABILITY" = "YES_AGGRESSIVE"; "SWIFT_VERSION" = "6.0"; "SWIFT_OPTIMIZATION_LEVEL" = "-O"; "DEBUG_INFORMATION_FORMAT" = "dwarf-with-dsym"; "ONLY_ACTIVE_ARCH" = "NO"; }; "name" = "Release"; };
		049F51A9A527285FFFEDBC85 = { "isa" = "XCConfigurationList"; "buildConfigurations" = (14CA4F15A175777FB2150B99, F3DF75063428B201782532C1,); "defaultConfigurationIsVisible" = 0; "defaultConfigurationName" = "Release"; };
		244210E48437B6556980A702 = { "isa" = "PBXProject"; "attributes" = { "BuildIndependentTargetsInParallel" = "YES"; "LastSwiftUpdateCheck" = "2630"; "LastUpgradeCheck" = "2630"; "TargetAttributes" = { "585DAF2CC644D67CD78B5981" = { "CreatedOnToolsVersion" = "26.3"; }; "D1478B2C381431E2E99AD726" = { "CreatedOnToolsVersion" = "26.3"; }; "42CA4A840094E0CF190E72BB" = { "CreatedOnToolsVersion" = "26.3"; }; "5B6631F2E2B9F296129C13BF" = { "CreatedOnToolsVersion" = "26.3"; "TestTargetID" = D1478B2C381431E2E99AD726; }; "6C968EC06678881252535CE5" = { "CreatedOnToolsVersion" = "26.3"; "TestTargetID" = 42CA4A840094E0CF190E72BB; }; "A08E9F7BFA3D565E96223A01" = { "CreatedOnToolsVersion" = "26.3"; "TestTargetID" = 585DAF2CC644D67CD78B5981; }; }; }; "buildConfigurationList" = 049F51A9A527285FFFEDBC85; "compatibilityVersion" = "Xcode 14.0"; "developmentRegion" = "zh-Hans"; "knownRegions" = ("zh-Hans", "en", "Base",); "mainGroup" = AD936FCBED631FA67E05C3EA; "packageReferences" = (BC4A71180870F7945155FBB0,); "productRefGroup" = 0A3E27B8CA818264D75C8D81; "projectDirPath" = ""; "projectRoot" = ""; "targets" = (585DAF2CC644D67CD78B5981, D1478B2C381431E2E99AD726, 42CA4A840094E0CF190E72BB, 5B6631F2E2B9F296129C13BF, 6C968EC06678881252535CE5, A08E9F7BFA3D565E96223A01,); };
	};
	rootObject = 244210E48437B6556980A702;
}
